// !$*UTF8*$!
{
	archiveVersion = 1;
	classes = {
	};
	objectVersion = 51;
	objects = {

/* Begin PBXBuildFile section */
		044B99F9243242E700522B1F /* UrlTypes.swift in Sources */ = {isa = PBXBuildFile; fileRef = 044B99F8243242E700522B1F /* UrlTypes.swift */; };
		C5190553216FA17600664149 /* WebViewTableViewCell.xib in Resources */ = {isa = PBXBuildFile; fileRef = C5190552216FA17600664149 /* WebViewTableViewCell.xib */; };
		C528E24C2166118F00CAFBC4 /* Extentions.swift in Sources */ = {isa = PBXBuildFile; fileRef = C528E2462166118F00CAFBC4 /* Extentions.swift */; };
		C528E24D2166118F00CAFBC4 /* Global.swift in Sources */ = {isa = PBXBuildFile; fileRef = C528E2472166118F00CAFBC4 /* Global.swift */; };
		C528E24F2166118F00CAFBC4 /* ApiManger.swift in Sources */ = {isa = PBXBuildFile; fileRef = C528E2492166118F00CAFBC4 /* ApiManger.swift */; };
		C528E2502166118F00CAFBC4 /* Networking.swift in Sources */ = {isa = PBXBuildFile; fileRef = C528E24A2166118F00CAFBC4 /* Networking.swift */; };
		C528E2512166118F00CAFBC4 /* AppConstant.swift in Sources */ = {isa = PBXBuildFile; fileRef = C528E24B2166118F00CAFBC4 /* AppConstant.swift */; };
		C528E2542166129000CAFBC4 /* AlertDialogViewController.xib in Resources */ = {isa = PBXBuildFile; fileRef = C528E2532166129000CAFBC4 /* AlertDialogViewController.xib */; };
		C528E2572166130700CAFBC4 /* BaseResponse.swift in Sources */ = {isa = PBXBuildFile; fileRef = C528E2562166130700CAFBC4 /* BaseResponse.swift */; };
		C528E25A2166135D00CAFBC4 /* AlertDialogViewController.swift in Sources */ = {isa = PBXBuildFile; fileRef = C528E2592166135D00CAFBC4 /* AlertDialogViewController.swift */; };
		C528E2612166377700CAFBC4 /* PayButtonBoard.storyboard in Resources */ = {isa = PBXBuildFile; fileRef = C528E2602166377700CAFBC4 /* PayButtonBoard.storyboard */; };
		C52CDFEF2327BFAC00E0EC74 /* WebKit.framework in Frameworks */ = {isa = PBXBuildFile; fileRef = C52CDFEE2327BFAC00E0EC74 /* WebKit.framework */; };
		C5378886216CEFC10058CAC8 /* PaymentMethodResponse.swift in Sources */ = {isa = PBXBuildFile; fileRef = C5378885216CEFC10058CAC8 /* PaymentMethodResponse.swift */; };
		C5378888216CF01C0058CAC8 /* PaymentMethodRequest.swift in Sources */ = {isa = PBXBuildFile; fileRef = C5378887216CF01C0058CAC8 /* PaymentMethodRequest.swift */; };
		C537888A216CF24B0058CAC8 /* Compose3DSTransactionResponse.swift in Sources */ = {isa = PBXBuildFile; fileRef = C5378889216CF24B0058CAC8 /* Compose3DSTransactionResponse.swift */; };
		C537888C216CF5B80058CAC8 /* Process3DSTransactionRequest.swift in Sources */ = {isa = PBXBuildFile; fileRef = C537888B216CF5B80058CAC8 /* Process3DSTransactionRequest.swift */; };
		C537888E216CF6470058CAC8 /* Process3DSTransactionResonse.swift in Sources */ = {isa = PBXBuildFile; fileRef = C537888D216CF6470058CAC8 /* Process3DSTransactionResonse.swift */; };
		C5378890216D06650058CAC8 /* WebViewTableViewCell.swift in Sources */ = {isa = PBXBuildFile; fileRef = C537888F216D06640058CAC8 /* WebViewTableViewCell.swift */; };
		C5A1C9B62210351200D9F663 /* LocalizablePaySKy.strings in Resources */ = {isa = PBXBuildFile; fileRef = C5A1C9B42210351200D9F663 /* LocalizablePaySKy.strings */; };
		C5A4164721650280008A93B3 /* AppDelegate.swift in Sources */ = {isa = PBXBuildFile; fileRef = C5A4164621650280008A93B3 /* AppDelegate.swift */; };
		C5A4164921650280008A93B3 /* ViewController.swift in Sources */ = {isa = PBXBuildFile; fileRef = C5A4164821650280008A93B3 /* ViewController.swift */; };
		C5A4164C21650280008A93B3 /* Main.storyboard in Resources */ = {isa = PBXBuildFile; fileRef = C5A4164A21650280008A93B3 /* Main.storyboard */; };
		C5A4164E21650280008A93B3 /* Assets.xcassets in Resources */ = {isa = PBXBuildFile; fileRef = C5A4164D21650280008A93B3 /* Assets.xcassets */; };
		C5A4165121650280008A93B3 /* LaunchScreen.storyboard in Resources */ = {isa = PBXBuildFile; fileRef = C5A4164F21650280008A93B3 /* LaunchScreen.storyboard */; };
		C5B1E7F7220058FF00C09D13 /* Toast.swift in Sources */ = {isa = PBXBuildFile; fileRef = C5B1E7F6220058FF00C09D13 /* Toast.swift */; };
		C5B900E72168E7F000301C13 /* QRTableViewCell.swift in Sources */ = {isa = PBXBuildFile; fileRef = C5B900E52168E7F000301C13 /* QRTableViewCell.swift */; };
		C5B900E82168E7F000301C13 /* QRTableViewCell.xib in Resources */ = {isa = PBXBuildFile; fileRef = C5B900E62168E7F000301C13 /* QRTableViewCell.xib */; };
		C5B900EB2168F0B500301C13 /* CompleteTableViewCell.swift in Sources */ = {isa = PBXBuildFile; fileRef = C5B900E92168F0B500301C13 /* CompleteTableViewCell.swift */; };
		C5B900EC2168F0B500301C13 /* CompleteTableViewCell.xib in Resources */ = {isa = PBXBuildFile; fileRef = C5B900EA2168F0B500301C13 /* CompleteTableViewCell.xib */; };
		C5B900EE216918BB00301C13 /* RequestMoneyViewController.xib in Resources */ = {isa = PBXBuildFile; fileRef = C5B900ED216918BB00301C13 /* RequestMoneyViewController.xib */; };
		C5B900F0216918F500301C13 /* RequestMoneyViewController.swift in Sources */ = {isa = PBXBuildFile; fileRef = C5B900EF216918F500301C13 /* RequestMoneyViewController.swift */; };
		C5B900F4216A404F00301C13 /* PaymentViewController.swift in Sources */ = {isa = PBXBuildFile; fileRef = C5B900F3216A404F00301C13 /* PaymentViewController.swift */; };
		C5B900F6216A416F00301C13 /* PaymentData.swift in Sources */ = {isa = PBXBuildFile; fileRef = C5B900F5216A416F00301C13 /* PaymentData.swift */; };
		C5B900FA216A44A200301C13 /* BasePaymentViewController.swift in Sources */ = {isa = PBXBuildFile; fileRef = C5B900F9216A44A200301C13 /* BasePaymentViewController.swift */; };
		C5DB913B216B76BA00C69497 /* QrGenratorRequest.swift in Sources */ = {isa = PBXBuildFile; fileRef = C5DB913A216B76BA00C69497 /* QrGenratorRequest.swift */; };
		C5DB913D216B7CA900C69497 /* QrGenratorResponse.swift in Sources */ = {isa = PBXBuildFile; fileRef = C5DB913C216B7CA900C69497 /* QrGenratorResponse.swift */; };
		C5DB9141216B7F5200C69497 /* TransactionStatusResponse.swift in Sources */ = {isa = PBXBuildFile; fileRef = C5DB9140216B7F5200C69497 /* TransactionStatusResponse.swift */; };
		C5DB9143216B864A00C69497 /* SendReceiptByMailRequest.swift in Sources */ = {isa = PBXBuildFile; fileRef = C5DB9142216B864A00C69497 /* SendReceiptByMailRequest.swift */; };
		C5DB9145216B890500C69497 /* SmsPaymentRequest.swift in Sources */ = {isa = PBXBuildFile; fileRef = C5DB9144216B890500C69497 /* SmsPaymentRequest.swift */; };
		C5DB9147216B8F7A00C69497 /* ManualPaymentRequest.swift in Sources */ = {isa = PBXBuildFile; fileRef = C5DB9146216B8F7A00C69497 /* ManualPaymentRequest.swift */; };
		C5F5D81C216650C70090E5FF /* CardTableViewCell.swift in Sources */ = {isa = PBXBuildFile; fileRef = C5F5D81A216650C70090E5FF /* CardTableViewCell.swift */; };
		C5F5D81D216650C70090E5FF /* CardTableViewCell.xib in Resources */ = {isa = PBXBuildFile; fileRef = C5F5D81B216650C70090E5FF /* CardTableViewCell.xib */; };
		C5F5D81F216655D40090E5FF /* CardScanViewController.swift in Sources */ = {isa = PBXBuildFile; fileRef = C5F5D81E216655D40090E5FF /* CardScanViewController.swift */; };
		C5F5D821216664490090E5FF /* MainScanViewController.swift in Sources */ = {isa = PBXBuildFile; fileRef = C5F5D820216664490090E5FF /* MainScanViewController.swift */; };
		C5F5D823216668680090E5FF /* BaseUITableViewCell.swift in Sources */ = {isa = PBXBuildFile; fileRef = C5F5D822216668680090E5FF /* BaseUITableViewCell.swift */; };
		C5FD73FA22240168008BD2AE /* CreditCardValidator.swift in Sources */ = {isa = PBXBuildFile; fileRef = C5FD73F822240168008BD2AE /* CreditCardValidator.swift */; };
		C5FD73FB22240168008BD2AE /* CreditCardValidationType.swift in Sources */ = {isa = PBXBuildFile; fileRef = C5FD73F922240168008BD2AE /* CreditCardValidationType.swift */; };
		C5FD7424222405D3008BD2AE /* Mask.swift in Sources */ = {isa = PBXBuildFile; fileRef = C5FD7408222405D3008BD2AE /* Mask.swift */; };
		C5FD7425222405D3008BD2AE /* Next.swift in Sources */ = {isa = PBXBuildFile; fileRef = C5FD740A222405D3008BD2AE /* Next.swift */; };
		C5FD7426222405D3008BD2AE /* State.swift in Sources */ = {isa = PBXBuildFile; fileRef = C5FD740B222405D3008BD2AE /* State.swift */; };
		C5FD7427222405D3008BD2AE /* Notation.swift in Sources */ = {isa = PBXBuildFile; fileRef = C5FD740C222405D3008BD2AE /* Notation.swift */; };
		C5FD7428222405D3008BD2AE /* ValueState.swift in Sources */ = {isa = PBXBuildFile; fileRef = C5FD740E222405D3008BD2AE /* ValueState.swift */; };
		C5FD7429222405D3008BD2AE /* EOLState.swift in Sources */ = {isa = PBXBuildFile; fileRef = C5FD740F222405D3008BD2AE /* EOLState.swift */; };
		C5FD742A222405D3008BD2AE /* FixedState.swift in Sources */ = {isa = PBXBuildFile; fileRef = C5FD7410222405D3008BD2AE /* FixedState.swift */; };
		C5FD742B222405D3008BD2AE /* OptionalValueState.swift in Sources */ = {isa = PBXBuildFile; fileRef = C5FD7411222405D3008BD2AE /* OptionalValueState.swift */; };
		C5FD742C222405D3008BD2AE /* FreeState.swift in Sources */ = {isa = PBXBuildFile; fileRef = C5FD7412222405D3008BD2AE /* FreeState.swift */; };
		C5FD742D222405D3008BD2AE /* CaretString.swift in Sources */ = {isa = PBXBuildFile; fileRef = C5FD7413222405D3008BD2AE /* CaretString.swift */; };
		C5FD742E222405D3008BD2AE /* MaskedTextViewDelegate.swift in Sources */ = {isa = PBXBuildFile; fileRef = C5FD7415222405D3008BD2AE /* MaskedTextViewDelegate.swift */; };
		C5FD742F222405D3008BD2AE /* MaskedTextInputListener.swift in Sources */ = {isa = PBXBuildFile; fileRef = C5FD7416222405D3008BD2AE /* MaskedTextInputListener.swift */; };
		C5FD7430222405D3008BD2AE /* UITextInput.swift in Sources */ = {isa = PBXBuildFile; fileRef = C5FD7417222405D3008BD2AE /* UITextInput.swift */; };
		C5FD7431222405D3008BD2AE /* UITextField.swift in Sources */ = {isa = PBXBuildFile; fileRef = C5FD7418222405D3008BD2AE /* UITextField.swift */; };
		C5FD7432222405D3008BD2AE /* ReversedMaskTextFieldDelegate.swift in Sources */ = {isa = PBXBuildFile; fileRef = C5FD7419222405D3008BD2AE /* ReversedMaskTextFieldDelegate.swift */; };
		C5FD7433222405D3008BD2AE /* MaskedTextFieldDelegate.swift in Sources */ = {isa = PBXBuildFile; fileRef = C5FD741A222405D3008BD2AE /* MaskedTextFieldDelegate.swift */; };
		C5FD7434222405D3008BD2AE /* UITextView.swift in Sources */ = {isa = PBXBuildFile; fileRef = C5FD741B222405D3008BD2AE /* UITextView.swift */; };
		C5FD7435222405D3008BD2AE /* CaretStringIterator.swift in Sources */ = {isa = PBXBuildFile; fileRef = C5FD741D222405D3008BD2AE /* CaretStringIterator.swift */; };
		C5FD7436222405D3008BD2AE /* AffinityCalculationStrategy.swift in Sources */ = {isa = PBXBuildFile; fileRef = C5FD741E222405D3008BD2AE /* AffinityCalculationStrategy.swift */; };
		C5FD7437222405D3008BD2AE /* Compiler.swift in Sources */ = {isa = PBXBuildFile; fileRef = C5FD741F222405D3008BD2AE /* Compiler.swift */; };
		C5FD7438222405D3008BD2AE /* FormatSanitizer.swift in Sources */ = {isa = PBXBuildFile; fileRef = C5FD7420222405D3008BD2AE /* FormatSanitizer.swift */; };
		C5FD7439222405D3008BD2AE /* NSCharacterSet.swift in Sources */ = {isa = PBXBuildFile; fileRef = C5FD7421222405D3008BD2AE /* NSCharacterSet.swift */; };
		C5FD743A222405D3008BD2AE /* String.swift in Sources */ = {isa = PBXBuildFile; fileRef = C5FD7422222405D3008BD2AE /* String.swift */; };
		C5FD7440222406D8008BD2AE /* UIImageViewExtension.swift in Sources */ = {isa = PBXBuildFile; fileRef = C5FD743C222406D8008BD2AE /* UIImageViewExtension.swift */; };
		C5FD7441222406D8008BD2AE /* CIImageExtension.swift in Sources */ = {isa = PBXBuildFile; fileRef = C5FD743D222406D8008BD2AE /* CIImageExtension.swift */; };
		C5FD7442222406D8008BD2AE /* CIColorExtension.swift in Sources */ = {isa = PBXBuildFile; fileRef = C5FD743E222406D8008BD2AE /* CIColorExtension.swift */; };
		C5FD7443222406D8008BD2AE /* QRCode.swift in Sources */ = {isa = PBXBuildFile; fileRef = C5FD743F222406D8008BD2AE /* QRCode.swift */; };
		DFB9D3A8ADC6BA0813F2AFCE /* Pods_PayButton.framework in Frameworks */ = {isa = PBXBuildFile; fileRef = E0DCE99D45F65493FDA25D97 /* Pods_PayButton.framework */; };
/* End PBXBuildFile section */

/* Begin PBXFileReference section */
		044B99F8243242E700522B1F /* UrlTypes.swift */ = {isa = PBXFileReference; lastKnownFileType = sourcecode.swift; path = UrlTypes.swift; sourceTree = "<group>"; };
		C5190552216FA17600664149 /* WebViewTableViewCell.xib */ = {isa = PBXFileReference; fileEncoding = 4; lastKnownFileType = file.xib; path = WebViewTableViewCell.xib; sourceTree = "<group>"; };
		C528E2462166118F00CAFBC4 /* Extentions.swift */ = {isa = PBXFileReference; fileEncoding = 4; lastKnownFileType = sourcecode.swift; path = Extentions.swift; sourceTree = "<group>"; };
		C528E2472166118F00CAFBC4 /* Global.swift */ = {isa = PBXFileReference; fileEncoding = 4; lastKnownFileType = sourcecode.swift; path = Global.swift; sourceTree = "<group>"; };
		C528E2492166118F00CAFBC4 /* ApiManger.swift */ = {isa = PBXFileReference; fileEncoding = 4; lastKnownFileType = sourcecode.swift; path = ApiManger.swift; sourceTree = "<group>"; };
		C528E24A2166118F00CAFBC4 /* Networking.swift */ = {isa = PBXFileReference; fileEncoding = 4; lastKnownFileType = sourcecode.swift; path = Networking.swift; sourceTree = "<group>"; };
		C528E24B2166118F00CAFBC4 /* AppConstant.swift */ = {isa = PBXFileReference; fileEncoding = 4; lastKnownFileType = sourcecode.swift; path = AppConstant.swift; sourceTree = "<group>"; };
		C528E2532166129000CAFBC4 /* AlertDialogViewController.xib */ = {isa = PBXFileReference; fileEncoding = 4; lastKnownFileType = file.xib; path = AlertDialogViewController.xib; sourceTree = "<group>"; };
		C528E2562166130700CAFBC4 /* BaseResponse.swift */ = {isa = PBXFileReference; fileEncoding = 4; lastKnownFileType = sourcecode.swift; path = BaseResponse.swift; sourceTree = "<group>"; };
		C528E2592166135D00CAFBC4 /* AlertDialogViewController.swift */ = {isa = PBXFileReference; fileEncoding = 4; lastKnownFileType = sourcecode.swift; path = AlertDialogViewController.swift; sourceTree = "<group>"; };
		C528E2602166377700CAFBC4 /* PayButtonBoard.storyboard */ = {isa = PBXFileReference; lastKnownFileType = file.storyboard; path = PayButtonBoard.storyboard; sourceTree = "<group>"; };
		C52CDFEE2327BFAC00E0EC74 /* WebKit.framework */ = {isa = PBXFileReference; lastKnownFileType = wrapper.framework; name = WebKit.framework; path = System/Library/Frameworks/WebKit.framework; sourceTree = SDKROOT; };
		C5378885216CEFC10058CAC8 /* PaymentMethodResponse.swift */ = {isa = PBXFileReference; lastKnownFileType = sourcecode.swift; path = PaymentMethodResponse.swift; sourceTree = "<group>"; };
		C5378887216CF01C0058CAC8 /* PaymentMethodRequest.swift */ = {isa = PBXFileReference; lastKnownFileType = sourcecode.swift; path = PaymentMethodRequest.swift; sourceTree = "<group>"; };
		C5378889216CF24B0058CAC8 /* Compose3DSTransactionResponse.swift */ = {isa = PBXFileReference; lastKnownFileType = sourcecode.swift; path = Compose3DSTransactionResponse.swift; sourceTree = "<group>"; };
		C537888B216CF5B80058CAC8 /* Process3DSTransactionRequest.swift */ = {isa = PBXFileReference; lastKnownFileType = sourcecode.swift; path = Process3DSTransactionRequest.swift; sourceTree = "<group>"; };
		C537888D216CF6470058CAC8 /* Process3DSTransactionResonse.swift */ = {isa = PBXFileReference; lastKnownFileType = sourcecode.swift; path = Process3DSTransactionResonse.swift; sourceTree = "<group>"; };
		C537888F216D06640058CAC8 /* WebViewTableViewCell.swift */ = {isa = PBXFileReference; fileEncoding = 4; lastKnownFileType = sourcecode.swift; path = WebViewTableViewCell.swift; sourceTree = "<group>"; };
		C5A1C9B52210351200D9F663 /* ar */ = {isa = PBXFileReference; lastKnownFileType = text.plist.strings; name = ar; path = ar.lproj/LocalizablePaySKy.strings; sourceTree = "<group>"; };
		C5A1C9B72210351800D9F663 /* en */ = {isa = PBXFileReference; lastKnownFileType = text.plist.strings; name = en; path = en.lproj/LocalizablePaySKy.strings; sourceTree = "<group>"; };
		C5A4164321650280008A93B3 /* PayButton.app */ = {isa = PBXFileReference; explicitFileType = wrapper.application; includeInIndex = 0; path = PayButton.app; sourceTree = BUILT_PRODUCTS_DIR; };
		C5A4164621650280008A93B3 /* AppDelegate.swift */ = {isa = PBXFileReference; lastKnownFileType = sourcecode.swift; path = AppDelegate.swift; sourceTree = "<group>"; };
		C5A4164821650280008A93B3 /* ViewController.swift */ = {isa = PBXFileReference; lastKnownFileType = sourcecode.swift; path = ViewController.swift; sourceTree = "<group>"; };
		C5A4164B21650280008A93B3 /* Base */ = {isa = PBXFileReference; lastKnownFileType = file.storyboard; name = Base; path = Base.lproj/Main.storyboard; sourceTree = "<group>"; };
		C5A4164D21650280008A93B3 /* Assets.xcassets */ = {isa = PBXFileReference; lastKnownFileType = folder.assetcatalog; path = Assets.xcassets; sourceTree = "<group>"; };
		C5A4165021650280008A93B3 /* Base */ = {isa = PBXFileReference; lastKnownFileType = file.storyboard; name = Base; path = Base.lproj/LaunchScreen.storyboard; sourceTree = "<group>"; };
		C5A4165221650280008A93B3 /* Info.plist */ = {isa = PBXFileReference; lastKnownFileType = text.plist.xml; path = Info.plist; sourceTree = "<group>"; };
		C5B1E7F6220058FF00C09D13 /* Toast.swift */ = {isa = PBXFileReference; fileEncoding = 4; lastKnownFileType = sourcecode.swift; path = Toast.swift; sourceTree = "<group>"; };
		C5B900E52168E7F000301C13 /* QRTableViewCell.swift */ = {isa = PBXFileReference; lastKnownFileType = sourcecode.swift; path = QRTableViewCell.swift; sourceTree = "<group>"; };
		C5B900E62168E7F000301C13 /* QRTableViewCell.xib */ = {isa = PBXFileReference; lastKnownFileType = file.xib; path = QRTableViewCell.xib; sourceTree = "<group>"; };
		C5B900E92168F0B500301C13 /* CompleteTableViewCell.swift */ = {isa = PBXFileReference; lastKnownFileType = sourcecode.swift; path = CompleteTableViewCell.swift; sourceTree = "<group>"; };
		C5B900EA2168F0B500301C13 /* CompleteTableViewCell.xib */ = {isa = PBXFileReference; lastKnownFileType = file.xib; path = CompleteTableViewCell.xib; sourceTree = "<group>"; };
		C5B900ED216918BB00301C13 /* RequestMoneyViewController.xib */ = {isa = PBXFileReference; fileEncoding = 4; lastKnownFileType = file.xib; path = RequestMoneyViewController.xib; sourceTree = "<group>"; };
		C5B900EF216918F500301C13 /* RequestMoneyViewController.swift */ = {isa = PBXFileReference; fileEncoding = 4; lastKnownFileType = sourcecode.swift; path = RequestMoneyViewController.swift; sourceTree = "<group>"; };
		C5B900F3216A404F00301C13 /* PaymentViewController.swift */ = {isa = PBXFileReference; fileEncoding = 4; lastKnownFileType = sourcecode.swift; path = PaymentViewController.swift; sourceTree = "<group>"; };
		C5B900F5216A416F00301C13 /* PaymentData.swift */ = {isa = PBXFileReference; fileEncoding = 4; lastKnownFileType = sourcecode.swift; path = PaymentData.swift; sourceTree = "<group>"; };
		C5B900F9216A44A200301C13 /* BasePaymentViewController.swift */ = {isa = PBXFileReference; fileEncoding = 4; lastKnownFileType = sourcecode.swift; path = BasePaymentViewController.swift; sourceTree = "<group>"; };
		C5DB913A216B76BA00C69497 /* QrGenratorRequest.swift */ = {isa = PBXFileReference; lastKnownFileType = sourcecode.swift; path = QrGenratorRequest.swift; sourceTree = "<group>"; };
		C5DB913C216B7CA900C69497 /* QrGenratorResponse.swift */ = {isa = PBXFileReference; lastKnownFileType = sourcecode.swift; path = QrGenratorResponse.swift; sourceTree = "<group>"; };
		C5DB9140216B7F5200C69497 /* TransactionStatusResponse.swift */ = {isa = PBXFileReference; lastKnownFileType = sourcecode.swift; path = TransactionStatusResponse.swift; sourceTree = "<group>"; };
		C5DB9142216B864A00C69497 /* SendReceiptByMailRequest.swift */ = {isa = PBXFileReference; lastKnownFileType = sourcecode.swift; path = SendReceiptByMailRequest.swift; sourceTree = "<group>"; };
		C5DB9144216B890500C69497 /* SmsPaymentRequest.swift */ = {isa = PBXFileReference; lastKnownFileType = sourcecode.swift; path = SmsPaymentRequest.swift; sourceTree = "<group>"; };
		C5DB9146216B8F7A00C69497 /* ManualPaymentRequest.swift */ = {isa = PBXFileReference; lastKnownFileType = sourcecode.swift; path = ManualPaymentRequest.swift; sourceTree = "<group>"; };
		C5DB9148216B9CB700C69497 /* PayButton-Bridging-Header.h */ = {isa = PBXFileReference; lastKnownFileType = sourcecode.c.h; path = "PayButton-Bridging-Header.h"; sourceTree = "<group>"; };
		C5F5D81A216650C70090E5FF /* CardTableViewCell.swift */ = {isa = PBXFileReference; lastKnownFileType = sourcecode.swift; path = CardTableViewCell.swift; sourceTree = "<group>"; };
		C5F5D81B216650C70090E5FF /* CardTableViewCell.xib */ = {isa = PBXFileReference; lastKnownFileType = file.xib; path = CardTableViewCell.xib; sourceTree = "<group>"; };
		C5F5D81E216655D40090E5FF /* CardScanViewController.swift */ = {isa = PBXFileReference; fileEncoding = 4; lastKnownFileType = sourcecode.swift; path = CardScanViewController.swift; sourceTree = "<group>"; };
		C5F5D820216664490090E5FF /* MainScanViewController.swift */ = {isa = PBXFileReference; lastKnownFileType = sourcecode.swift; path = MainScanViewController.swift; sourceTree = "<group>"; };
		C5F5D822216668680090E5FF /* BaseUITableViewCell.swift */ = {isa = PBXFileReference; lastKnownFileType = sourcecode.swift; path = BaseUITableViewCell.swift; sourceTree = "<group>"; };
		C5FD73F822240168008BD2AE /* CreditCardValidator.swift */ = {isa = PBXFileReference; fileEncoding = 4; lastKnownFileType = sourcecode.swift; path = CreditCardValidator.swift; sourceTree = "<group>"; };
		C5FD73F922240168008BD2AE /* CreditCardValidationType.swift */ = {isa = PBXFileReference; fileEncoding = 4; lastKnownFileType = sourcecode.swift; path = CreditCardValidationType.swift; sourceTree = "<group>"; };
		C5FD7408222405D3008BD2AE /* Mask.swift */ = {isa = PBXFileReference; fileEncoding = 4; lastKnownFileType = sourcecode.swift; path = Mask.swift; sourceTree = "<group>"; };
		C5FD740A222405D3008BD2AE /* Next.swift */ = {isa = PBXFileReference; fileEncoding = 4; lastKnownFileType = sourcecode.swift; path = Next.swift; sourceTree = "<group>"; };
		C5FD740B222405D3008BD2AE /* State.swift */ = {isa = PBXFileReference; fileEncoding = 4; lastKnownFileType = sourcecode.swift; path = State.swift; sourceTree = "<group>"; };
		C5FD740C222405D3008BD2AE /* Notation.swift */ = {isa = PBXFileReference; fileEncoding = 4; lastKnownFileType = sourcecode.swift; path = Notation.swift; sourceTree = "<group>"; };
		C5FD740E222405D3008BD2AE /* ValueState.swift */ = {isa = PBXFileReference; fileEncoding = 4; lastKnownFileType = sourcecode.swift; path = ValueState.swift; sourceTree = "<group>"; };
		C5FD740F222405D3008BD2AE /* EOLState.swift */ = {isa = PBXFileReference; fileEncoding = 4; lastKnownFileType = sourcecode.swift; path = EOLState.swift; sourceTree = "<group>"; };
		C5FD7410222405D3008BD2AE /* FixedState.swift */ = {isa = PBXFileReference; fileEncoding = 4; lastKnownFileType = sourcecode.swift; path = FixedState.swift; sourceTree = "<group>"; };
		C5FD7411222405D3008BD2AE /* OptionalValueState.swift */ = {isa = PBXFileReference; fileEncoding = 4; lastKnownFileType = sourcecode.swift; path = OptionalValueState.swift; sourceTree = "<group>"; };
		C5FD7412222405D3008BD2AE /* FreeState.swift */ = {isa = PBXFileReference; fileEncoding = 4; lastKnownFileType = sourcecode.swift; path = FreeState.swift; sourceTree = "<group>"; };
		C5FD7413222405D3008BD2AE /* CaretString.swift */ = {isa = PBXFileReference; fileEncoding = 4; lastKnownFileType = sourcecode.swift; path = CaretString.swift; sourceTree = "<group>"; };
		C5FD7415222405D3008BD2AE /* MaskedTextViewDelegate.swift */ = {isa = PBXFileReference; fileEncoding = 4; lastKnownFileType = sourcecode.swift; path = MaskedTextViewDelegate.swift; sourceTree = "<group>"; };
		C5FD7416222405D3008BD2AE /* MaskedTextInputListener.swift */ = {isa = PBXFileReference; fileEncoding = 4; lastKnownFileType = sourcecode.swift; path = MaskedTextInputListener.swift; sourceTree = "<group>"; };
		C5FD7417222405D3008BD2AE /* UITextInput.swift */ = {isa = PBXFileReference; fileEncoding = 4; lastKnownFileType = sourcecode.swift; path = UITextInput.swift; sourceTree = "<group>"; };
		C5FD7418222405D3008BD2AE /* UITextField.swift */ = {isa = PBXFileReference; fileEncoding = 4; lastKnownFileType = sourcecode.swift; path = UITextField.swift; sourceTree = "<group>"; };
		C5FD7419222405D3008BD2AE /* ReversedMaskTextFieldDelegate.swift */ = {isa = PBXFileReference; fileEncoding = 4; lastKnownFileType = sourcecode.swift; path = ReversedMaskTextFieldDelegate.swift; sourceTree = "<group>"; };
		C5FD741A222405D3008BD2AE /* MaskedTextFieldDelegate.swift */ = {isa = PBXFileReference; fileEncoding = 4; lastKnownFileType = sourcecode.swift; path = MaskedTextFieldDelegate.swift; sourceTree = "<group>"; };
		C5FD741B222405D3008BD2AE /* UITextView.swift */ = {isa = PBXFileReference; fileEncoding = 4; lastKnownFileType = sourcecode.swift; path = UITextView.swift; sourceTree = "<group>"; };
		C5FD741D222405D3008BD2AE /* CaretStringIterator.swift */ = {isa = PBXFileReference; fileEncoding = 4; lastKnownFileType = sourcecode.swift; path = CaretStringIterator.swift; sourceTree = "<group>"; };
		C5FD741E222405D3008BD2AE /* AffinityCalculationStrategy.swift */ = {isa = PBXFileReference; fileEncoding = 4; lastKnownFileType = sourcecode.swift; path = AffinityCalculationStrategy.swift; sourceTree = "<group>"; };
		C5FD741F222405D3008BD2AE /* Compiler.swift */ = {isa = PBXFileReference; fileEncoding = 4; lastKnownFileType = sourcecode.swift; path = Compiler.swift; sourceTree = "<group>"; };
		C5FD7420222405D3008BD2AE /* FormatSanitizer.swift */ = {isa = PBXFileReference; fileEncoding = 4; lastKnownFileType = sourcecode.swift; path = FormatSanitizer.swift; sourceTree = "<group>"; };
		C5FD7421222405D3008BD2AE /* NSCharacterSet.swift */ = {isa = PBXFileReference; fileEncoding = 4; lastKnownFileType = sourcecode.swift; path = NSCharacterSet.swift; sourceTree = "<group>"; };
		C5FD7422222405D3008BD2AE /* String.swift */ = {isa = PBXFileReference; fileEncoding = 4; lastKnownFileType = sourcecode.swift; path = String.swift; sourceTree = "<group>"; };
		C5FD7423222405D3008BD2AE /* InputMask.h */ = {isa = PBXFileReference; fileEncoding = 4; lastKnownFileType = sourcecode.c.h; path = InputMask.h; sourceTree = "<group>"; };
		C5FD743C222406D8008BD2AE /* UIImageViewExtension.swift */ = {isa = PBXFileReference; fileEncoding = 4; lastKnownFileType = sourcecode.swift; path = UIImageViewExtension.swift; sourceTree = "<group>"; };
		C5FD743D222406D8008BD2AE /* CIImageExtension.swift */ = {isa = PBXFileReference; fileEncoding = 4; lastKnownFileType = sourcecode.swift; path = CIImageExtension.swift; sourceTree = "<group>"; };
		C5FD743E222406D8008BD2AE /* CIColorExtension.swift */ = {isa = PBXFileReference; fileEncoding = 4; lastKnownFileType = sourcecode.swift; path = CIColorExtension.swift; sourceTree = "<group>"; };
		C5FD743F222406D8008BD2AE /* QRCode.swift */ = {isa = PBXFileReference; fileEncoding = 4; lastKnownFileType = sourcecode.swift; path = QRCode.swift; sourceTree = "<group>"; };
		CD8F6F307DD2C1DF32D68A42 /* Pods-PayButton.release.xcconfig */ = {isa = PBXFileReference; includeInIndex = 1; lastKnownFileType = text.xcconfig; name = "Pods-PayButton.release.xcconfig"; path = "Target Support Files/Pods-PayButton/Pods-PayButton.release.xcconfig"; sourceTree = "<group>"; };
		DBFC53917A27A8B60089C797 /* Pods-PayButton.debug.xcconfig */ = {isa = PBXFileReference; includeInIndex = 1; lastKnownFileType = text.xcconfig; name = "Pods-PayButton.debug.xcconfig"; path = "Target Support Files/Pods-PayButton/Pods-PayButton.debug.xcconfig"; sourceTree = "<group>"; };
		E0DCE99D45F65493FDA25D97 /* Pods_PayButton.framework */ = {isa = PBXFileReference; explicitFileType = wrapper.framework; includeInIndex = 0; path = Pods_PayButton.framework; sourceTree = BUILT_PRODUCTS_DIR; };
/* End PBXFileReference section */

/* Begin PBXFrameworksBuildPhase section */
		C5A416402165027F008A93B3 /* Frameworks */ = {
			isa = PBXFrameworksBuildPhase;
			buildActionMask = 2147483647;
			files = (
				C52CDFEF2327BFAC00E0EC74 /* WebKit.framework in Frameworks */,
				DFB9D3A8ADC6BA0813F2AFCE /* Pods_PayButton.framework in Frameworks */,
			);
			runOnlyForDeploymentPostprocessing = 0;
		};
/* End PBXFrameworksBuildPhase section */

/* Begin PBXGroup section */
		1ACEE1A58393684F51D11D74 /* Frameworks */ = {
			isa = PBXGroup;
			children = (
				C52CDFEE2327BFAC00E0EC74 /* WebKit.framework */,
				E0DCE99D45F65493FDA25D97 /* Pods_PayButton.framework */,
			);
			name = Frameworks;
			sourceTree = "<group>";
		};
		56D5EB78218E2F9E901EE8F4 /* Pods */ = {
			isa = PBXGroup;
			children = (
				DBFC53917A27A8B60089C797 /* Pods-PayButton.debug.xcconfig */,
				CD8F6F307DD2C1DF32D68A42 /* Pods-PayButton.release.xcconfig */,
			);
			path = Pods;
			sourceTree = "<group>";
		};
		C528E2452166118F00CAFBC4 /* utilti */ = {
			isa = PBXGroup;
			children = (
				C528E2462166118F00CAFBC4 /* Extentions.swift */,
				C528E2472166118F00CAFBC4 /* Global.swift */,
				C528E2492166118F00CAFBC4 /* ApiManger.swift */,
				C528E24A2166118F00CAFBC4 /* Networking.swift */,
				C528E24B2166118F00CAFBC4 /* AppConstant.swift */,
			);
			path = utilti;
			sourceTree = "<group>";
		};
		C528E2522166129000CAFBC4 /* storyboard */ = {
			isa = PBXGroup;
			children = (
				C5190552216FA17600664149 /* WebViewTableViewCell.xib */,
				C528E2602166377700CAFBC4 /* PayButtonBoard.storyboard */,
				C5F5D81B216650C70090E5FF /* CardTableViewCell.xib */,
				C5B900E62168E7F000301C13 /* QRTableViewCell.xib */,
				C5B900EA2168F0B500301C13 /* CompleteTableViewCell.xib */,
			);
			path = storyboard;
			sourceTree = "<group>";
		};
		C528E2552166130700CAFBC4 /* model */ = {
			isa = PBXGroup;
			children = (
				C5B900F5216A416F00301C13 /* PaymentData.swift */,
				C528E2562166130700CAFBC4 /* BaseResponse.swift */,
				C5DB913A216B76BA00C69497 /* QrGenratorRequest.swift */,
				C5DB913C216B7CA900C69497 /* QrGenratorResponse.swift */,
				C5DB9140216B7F5200C69497 /* TransactionStatusResponse.swift */,
				C5DB9142216B864A00C69497 /* SendReceiptByMailRequest.swift */,
				C5DB9144216B890500C69497 /* SmsPaymentRequest.swift */,
				C5DB9146216B8F7A00C69497 /* ManualPaymentRequest.swift */,
				C5378885216CEFC10058CAC8 /* PaymentMethodResponse.swift */,
				C5378887216CF01C0058CAC8 /* PaymentMethodRequest.swift */,
				C5378889216CF24B0058CAC8 /* Compose3DSTransactionResponse.swift */,
				C537888B216CF5B80058CAC8 /* Process3DSTransactionRequest.swift */,
				C537888D216CF6470058CAC8 /* Process3DSTransactionResonse.swift */,
			);
			path = model;
			sourceTree = "<group>";
		};
		C528E2582166135D00CAFBC4 /* viewCotrollers */ = {
			isa = PBXGroup;
			children = (
				C5B900F9216A44A200301C13 /* BasePaymentViewController.swift */,
				C5B900F3216A404F00301C13 /* PaymentViewController.swift */,
				C5F5D81E216655D40090E5FF /* CardScanViewController.swift */,
				C5F5D820216664490090E5FF /* MainScanViewController.swift */,
				044B99F8243242E700522B1F /* UrlTypes.swift */,
			);
			path = viewCotrollers;
			sourceTree = "<group>";
		};
		C528E25B216621B600CAFBC4 /* Strings */ = {
			isa = PBXGroup;
			children = (
				C5A1C9B42210351200D9F663 /* LocalizablePaySKy.strings */,
			);
			path = Strings;
			sourceTree = "<group>";
		};
		C5A4163A2165027F008A93B3 = {
			isa = PBXGroup;
			children = (
				C5A4164521650280008A93B3 /* PayButton */,
				C5A4164421650280008A93B3 /* Products */,
				1ACEE1A58393684F51D11D74 /* Frameworks */,
				56D5EB78218E2F9E901EE8F4 /* Pods */,
			);
			sourceTree = "<group>";
		};
		C5A4164421650280008A93B3 /* Products */ = {
			isa = PBXGroup;
			children = (
				C5A4164321650280008A93B3 /* PayButton.app */,
			);
			name = Products;
			sourceTree = "<group>";
		};
		C5A4164521650280008A93B3 /* PayButton */ = {
			isa = PBXGroup;
			children = (
				C5B1E7F52200588300C09D13 /* 3rdParty */,
				C5B900FB216A478700301C13 /* TestApi */,
				C5B900F221691CBA00301C13 /* Dialog */,
				C5B900F121691C2B00301C13 /* Cell */,
				C528E25B216621B600CAFBC4 /* Strings */,
				C5A4164621650280008A93B3 /* AppDelegate.swift */,
				C528E2582166135D00CAFBC4 /* viewCotrollers */,
				C528E2552166130700CAFBC4 /* model */,
				C528E2522166129000CAFBC4 /* storyboard */,
				C528E2452166118F00CAFBC4 /* utilti */,
				C5A4164D21650280008A93B3 /* Assets.xcassets */,
				C5A4165221650280008A93B3 /* Info.plist */,
				C5DB9148216B9CB700C69497 /* PayButton-Bridging-Header.h */,
			);
			path = PayButton;
			sourceTree = "<group>";
		};
		C5B1E7F52200588300C09D13 /* 3rdParty */ = {
			isa = PBXGroup;
			children = (
				C5FD743B222406D8008BD2AE /* QRCode */,
				C5FD7405222405D3008BD2AE /* InputMask */,
				C5FD73F722240168008BD2AE /* CreditCard */,
				C5B1E7F6220058FF00C09D13 /* Toast.swift */,
			);
			path = 3rdParty;
			sourceTree = "<group>";
		};
		C5B900F121691C2B00301C13 /* Cell */ = {
			isa = PBXGroup;
			children = (
				C537888F216D06640058CAC8 /* WebViewTableViewCell.swift */,
				C5B900E92168F0B500301C13 /* CompleteTableViewCell.swift */,
				C5B900E52168E7F000301C13 /* QRTableViewCell.swift */,
				C5F5D822216668680090E5FF /* BaseUITableViewCell.swift */,
				C5F5D81A216650C70090E5FF /* CardTableViewCell.swift */,
			);
			path = Cell;
			sourceTree = "<group>";
		};
		C5B900F221691CBA00301C13 /* Dialog */ = {
			isa = PBXGroup;
			children = (
				C528E2532166129000CAFBC4 /* AlertDialogViewController.xib */,
				C5B900ED216918BB00301C13 /* RequestMoneyViewController.xib */,
				C528E2592166135D00CAFBC4 /* AlertDialogViewController.swift */,
				C5B900EF216918F500301C13 /* RequestMoneyViewController.swift */,
			);
			path = Dialog;
			sourceTree = "<group>";
		};
		C5B900FB216A478700301C13 /* TestApi */ = {
			isa = PBXGroup;
			children = (
				C5A4164A21650280008A93B3 /* Main.storyboard */,
				C5A4164F21650280008A93B3 /* LaunchScreen.storyboard */,
				C5A4164821650280008A93B3 /* ViewController.swift */,
			);
			path = TestApi;
			sourceTree = "<group>";
		};
		C5FD73F722240168008BD2AE /* CreditCard */ = {
			isa = PBXGroup;
			children = (
				C5FD73F822240168008BD2AE /* CreditCardValidator.swift */,
				C5FD73F922240168008BD2AE /* CreditCardValidationType.swift */,
			);
			path = CreditCard;
			sourceTree = "<group>";
		};
		C5FD7405222405D3008BD2AE /* InputMask */ = {
			isa = PBXGroup;
			children = (
				C5FD7406222405D3008BD2AE /* InputMask */,
			);
			path = InputMask;
			sourceTree = "<group>";
		};
		C5FD7406222405D3008BD2AE /* InputMask */ = {
			isa = PBXGroup;
			children = (
				C5FD7407222405D3008BD2AE /* Classes */,
			);
			path = InputMask;
			sourceTree = "<group>";
		};
		C5FD7407222405D3008BD2AE /* Classes */ = {
			isa = PBXGroup;
			children = (
				C5FD7408222405D3008BD2AE /* Mask.swift */,
				C5FD7409222405D3008BD2AE /* Model */,
				C5FD7414222405D3008BD2AE /* View */,
				C5FD741C222405D3008BD2AE /* Helper */,
				C5FD7423222405D3008BD2AE /* InputMask.h */,
			);
			path = Classes;
			sourceTree = "<group>";
		};
		C5FD7409222405D3008BD2AE /* Model */ = {
			isa = PBXGroup;
			children = (
				C5FD740A222405D3008BD2AE /* Next.swift */,
				C5FD740B222405D3008BD2AE /* State.swift */,
				C5FD740C222405D3008BD2AE /* Notation.swift */,
				C5FD740D222405D3008BD2AE /* State */,
				C5FD7413222405D3008BD2AE /* CaretString.swift */,
			);
			path = Model;
			sourceTree = "<group>";
		};
		C5FD740D222405D3008BD2AE /* State */ = {
			isa = PBXGroup;
			children = (
				C5FD740E222405D3008BD2AE /* ValueState.swift */,
				C5FD740F222405D3008BD2AE /* EOLState.swift */,
				C5FD7410222405D3008BD2AE /* FixedState.swift */,
				C5FD7411222405D3008BD2AE /* OptionalValueState.swift */,
				C5FD7412222405D3008BD2AE /* FreeState.swift */,
			);
			path = State;
			sourceTree = "<group>";
		};
		C5FD7414222405D3008BD2AE /* View */ = {
			isa = PBXGroup;
			children = (
				C5FD7415222405D3008BD2AE /* MaskedTextViewDelegate.swift */,
				C5FD7416222405D3008BD2AE /* MaskedTextInputListener.swift */,
				C5FD7417222405D3008BD2AE /* UITextInput.swift */,
				C5FD7418222405D3008BD2AE /* UITextField.swift */,
				C5FD7419222405D3008BD2AE /* ReversedMaskTextFieldDelegate.swift */,
				C5FD741A222405D3008BD2AE /* MaskedTextFieldDelegate.swift */,
				C5FD741B222405D3008BD2AE /* UITextView.swift */,
			);
			path = View;
			sourceTree = "<group>";
		};
		C5FD741C222405D3008BD2AE /* Helper */ = {
			isa = PBXGroup;
			children = (
				C5FD741D222405D3008BD2AE /* CaretStringIterator.swift */,
				C5FD741E222405D3008BD2AE /* AffinityCalculationStrategy.swift */,
				C5FD741F222405D3008BD2AE /* Compiler.swift */,
				C5FD7420222405D3008BD2AE /* FormatSanitizer.swift */,
				C5FD7421222405D3008BD2AE /* NSCharacterSet.swift */,
				C5FD7422222405D3008BD2AE /* String.swift */,
			);
			path = Helper;
			sourceTree = "<group>";
		};
		C5FD743B222406D8008BD2AE /* QRCode */ = {
			isa = PBXGroup;
			children = (
				C5FD743C222406D8008BD2AE /* UIImageViewExtension.swift */,
				C5FD743D222406D8008BD2AE /* CIImageExtension.swift */,
				C5FD743E222406D8008BD2AE /* CIColorExtension.swift */,
				C5FD743F222406D8008BD2AE /* QRCode.swift */,
			);
			path = QRCode;
			sourceTree = "<group>";
		};
/* End PBXGroup section */

/* Begin PBXNativeTarget section */
		C5A416422165027F008A93B3 /* PayButton */ = {
			isa = PBXNativeTarget;
			buildConfigurationList = C5A4165521650280008A93B3 /* Build configuration list for PBXNativeTarget "PayButton" */;
			buildPhases = (
				3EFAF91291BD0BF6D833668B /* [CP] Check Pods Manifest.lock */,
				C5A4163F2165027F008A93B3 /* Sources */,
				C5A416402165027F008A93B3 /* Frameworks */,
				C5A416412165027F008A93B3 /* Resources */,
				BEE1928C66DD0BEA24766466 /* [CP] Embed Pods Frameworks */,
			);
			buildRules = (
			);
			dependencies = (
			);
			name = PayButton;
			productName = PayButton;
			productReference = C5A4164321650280008A93B3 /* PayButton.app */;
			productType = "com.apple.product-type.application";
		};
/* End PBXNativeTarget section */

/* Begin PBXProject section */
		C5A4163B2165027F008A93B3 /* Project object */ = {
			isa = PBXProject;
			attributes = {
				LastSwiftUpdateCheck = 0940;
				LastUpgradeCheck = 1000;
				ORGANIZATIONNAME = Paysky;
				TargetAttributes = {
					C5A416422165027F008A93B3 = {
						CreatedOnToolsVersion = 9.4.1;
						LastSwiftMigration = 1020;
					};
				};
			};
			buildConfigurationList = C5A4163E2165027F008A93B3 /* Build configuration list for PBXProject "PayButton" */;
			compatibilityVersion = "Xcode 9.3";
			developmentRegion = en;
			hasScannedForEncodings = 0;
			knownRegions = (
				en,
				Base,
				ar,
			);
			mainGroup = C5A4163A2165027F008A93B3;
			productRefGroup = C5A4164421650280008A93B3 /* Products */;
			projectDirPath = "";
			projectRoot = "";
			targets = (
				C5A416422165027F008A93B3 /* PayButton */,
			);
		};
/* End PBXProject section */

/* Begin PBXResourcesBuildPhase section */
		C5A416412165027F008A93B3 /* Resources */ = {
			isa = PBXResourcesBuildPhase;
			buildActionMask = 2147483647;
			files = (
				C5B900EC2168F0B500301C13 /* CompleteTableViewCell.xib in Resources */,
				C5B900EE216918BB00301C13 /* RequestMoneyViewController.xib in Resources */,
				C528E2612166377700CAFBC4 /* PayButtonBoard.storyboard in Resources */,
				C5F5D81D216650C70090E5FF /* CardTableViewCell.xib in Resources */,
				C5190553216FA17600664149 /* WebViewTableViewCell.xib in Resources */,
				C5B900E82168E7F000301C13 /* QRTableViewCell.xib in Resources */,
				C5A4165121650280008A93B3 /* LaunchScreen.storyboard in Resources */,
				C5A1C9B62210351200D9F663 /* LocalizablePaySKy.strings in Resources */,
				C528E2542166129000CAFBC4 /* AlertDialogViewController.xib in Resources */,
				C5A4164E21650280008A93B3 /* Assets.xcassets in Resources */,
				C5A4164C21650280008A93B3 /* Main.storyboard in Resources */,
			);
			runOnlyForDeploymentPostprocessing = 0;
		};
/* End PBXResourcesBuildPhase section */

/* Begin PBXShellScriptBuildPhase section */
		3EFAF91291BD0BF6D833668B /* [CP] Check Pods Manifest.lock */ = {
			isa = PBXShellScriptBuildPhase;
			buildActionMask = 2147483647;
			files = (
			);
			inputFileListPaths = (
			);
			inputPaths = (
				"${PODS_PODFILE_DIR_PATH}/Podfile.lock",
				"${PODS_ROOT}/Manifest.lock",
			);
			name = "[CP] Check Pods Manifest.lock";
			outputFileListPaths = (
			);
			outputPaths = (
				"$(DERIVED_FILE_DIR)/Pods-PayButton-checkManifestLockResult.txt",
			);
			runOnlyForDeploymentPostprocessing = 0;
			shellPath = /bin/sh;
			shellScript = "diff \"${PODS_PODFILE_DIR_PATH}/Podfile.lock\" \"${PODS_ROOT}/Manifest.lock\" > /dev/null\nif [ $? != 0 ] ; then\n    # print error to STDERR\n    echo \"error: The sandbox is not in sync with the Podfile.lock. Run 'pod install' or update your CocoaPods installation.\" >&2\n    exit 1\nfi\n# This output is used by Xcode 'outputs' to avoid re-running this script phase.\necho \"SUCCESS\" > \"${SCRIPT_OUTPUT_FILE_0}\"\n";
			showEnvVarsInLog = 0;
		};
		BEE1928C66DD0BEA24766466 /* [CP] Embed Pods Frameworks */ = {
			isa = PBXShellScriptBuildPhase;
			buildActionMask = 2147483647;
			files = (
			);
			inputFileListPaths = (
				"${PODS_ROOT}/Target Support Files/Pods-PayButton/Pods-PayButton-frameworks-${CONFIGURATION}-input-files.xcfilelist",
			);
			name = "[CP] Embed Pods Frameworks";
			outputFileListPaths = (
				"${PODS_ROOT}/Target Support Files/Pods-PayButton/Pods-PayButton-frameworks-${CONFIGURATION}-output-files.xcfilelist",
			);
			runOnlyForDeploymentPostprocessing = 0;
			shellPath = /bin/sh;
			shellScript = "\"${PODS_ROOT}/Target Support Files/Pods-PayButton/Pods-PayButton-frameworks.sh\"\n";
			showEnvVarsInLog = 0;
		};
/* End PBXShellScriptBuildPhase section */

/* Begin PBXSourcesBuildPhase section */
		C5A4163F2165027F008A93B3 /* Sources */ = {
			isa = PBXSourcesBuildPhase;
			buildActionMask = 2147483647;
			files = (
				C5FD743A222405D3008BD2AE /* String.swift in Sources */,
				C528E2572166130700CAFBC4 /* BaseResponse.swift in Sources */,
				C5FD7433222405D3008BD2AE /* MaskedTextFieldDelegate.swift in Sources */,
				C537888C216CF5B80058CAC8 /* Process3DSTransactionRequest.swift in Sources */,
				C5378888216CF01C0058CAC8 /* PaymentMethodRequest.swift in Sources */,
				C5FD7434222405D3008BD2AE /* UITextView.swift in Sources */,
				C5F5D821216664490090E5FF /* MainScanViewController.swift in Sources */,
				C5B900EB2168F0B500301C13 /* CompleteTableViewCell.swift in Sources */,
				C537888A216CF24B0058CAC8 /* Compose3DSTransactionResponse.swift in Sources */,
				C5FD7436222405D3008BD2AE /* AffinityCalculationStrategy.swift in Sources */,
				C5FD7426222405D3008BD2AE /* State.swift in Sources */,
				C5F5D81F216655D40090E5FF /* CardScanViewController.swift in Sources */,
				C5FD742F222405D3008BD2AE /* MaskedTextInputListener.swift in Sources */,
				C5DB9141216B7F5200C69497 /* TransactionStatusResponse.swift in Sources */,
				C5FD742B222405D3008BD2AE /* OptionalValueState.swift in Sources */,
				C5B900F6216A416F00301C13 /* PaymentData.swift in Sources */,
				C5FD7424222405D3008BD2AE /* Mask.swift in Sources */,
				C5F5D81C216650C70090E5FF /* CardTableViewCell.swift in Sources */,
				C5FD7428222405D3008BD2AE /* ValueState.swift in Sources */,
				C5FD742C222405D3008BD2AE /* FreeState.swift in Sources */,
				C528E24F2166118F00CAFBC4 /* ApiManger.swift in Sources */,
				C5FD7425222405D3008BD2AE /* Next.swift in Sources */,
				C5378890216D06650058CAC8 /* WebViewTableViewCell.swift in Sources */,
				C528E24D2166118F00CAFBC4 /* Global.swift in Sources */,
				C5B900F4216A404F00301C13 /* PaymentViewController.swift in Sources */,
				C5FD7427222405D3008BD2AE /* Notation.swift in Sources */,
				C5378886216CEFC10058CAC8 /* PaymentMethodResponse.swift in Sources */,
				C5FD742E222405D3008BD2AE /* MaskedTextViewDelegate.swift in Sources */,
				C5DB913B216B76BA00C69497 /* QrGenratorRequest.swift in Sources */,
				C5FD7437222405D3008BD2AE /* Compiler.swift in Sources */,
				C528E25A2166135D00CAFBC4 /* AlertDialogViewController.swift in Sources */,
				C5FD73FA22240168008BD2AE /* CreditCardValidator.swift in Sources */,
				C5B1E7F7220058FF00C09D13 /* Toast.swift in Sources */,
				C5B900FA216A44A200301C13 /* BasePaymentViewController.swift in Sources */,
				C5FD7432222405D3008BD2AE /* ReversedMaskTextFieldDelegate.swift in Sources */,
				C5A4164921650280008A93B3 /* ViewController.swift in Sources */,
				C5FD7429222405D3008BD2AE /* EOLState.swift in Sources */,
				C5FD742A222405D3008BD2AE /* FixedState.swift in Sources */,
				C5FD7430222405D3008BD2AE /* UITextInput.swift in Sources */,
				C537888E216CF6470058CAC8 /* Process3DSTransactionResonse.swift in Sources */,
				C5A4164721650280008A93B3 /* AppDelegate.swift in Sources */,
				C5FD7442222406D8008BD2AE /* CIColorExtension.swift in Sources */,
				C5FD7431222405D3008BD2AE /* UITextField.swift in Sources */,
				C5FD7439222405D3008BD2AE /* NSCharacterSet.swift in Sources */,
				C5FD7438222405D3008BD2AE /* FormatSanitizer.swift in Sources */,
				044B99F9243242E700522B1F /* UrlTypes.swift in Sources */,
				C5FD7440222406D8008BD2AE /* UIImageViewExtension.swift in Sources */,
				C5F5D823216668680090E5FF /* BaseUITableViewCell.swift in Sources */,
				C5FD7443222406D8008BD2AE /* QRCode.swift in Sources */,
				C528E24C2166118F00CAFBC4 /* Extentions.swift in Sources */,
				C5DB913D216B7CA900C69497 /* QrGenratorResponse.swift in Sources */,
				C5B900E72168E7F000301C13 /* QRTableViewCell.swift in Sources */,
				C5B900F0216918F500301C13 /* RequestMoneyViewController.swift in Sources */,
				C5FD7435222405D3008BD2AE /* CaretStringIterator.swift in Sources */,
				C5FD7441222406D8008BD2AE /* CIImageExtension.swift in Sources */,
				C528E2502166118F00CAFBC4 /* Networking.swift in Sources */,
				C5FD742D222405D3008BD2AE /* CaretString.swift in Sources */,
				C5DB9147216B8F7A00C69497 /* ManualPaymentRequest.swift in Sources */,
				C5DB9143216B864A00C69497 /* SendReceiptByMailRequest.swift in Sources */,
				C5FD73FB22240168008BD2AE /* CreditCardValidationType.swift in Sources */,
				C528E2512166118F00CAFBC4 /* AppConstant.swift in Sources */,
				C5DB9145216B890500C69497 /* SmsPaymentRequest.swift in Sources */,
			);
			runOnlyForDeploymentPostprocessing = 0;
		};
/* End PBXSourcesBuildPhase section */

/* Begin PBXVariantGroup section */
		C5A1C9B42210351200D9F663 /* LocalizablePaySKy.strings */ = {
			isa = PBXVariantGroup;
			children = (
				C5A1C9B52210351200D9F663 /* ar */,
				C5A1C9B72210351800D9F663 /* en */,
			);
			name = LocalizablePaySKy.strings;
			sourceTree = "<group>";
		};
		C5A4164A21650280008A93B3 /* Main.storyboard */ = {
			isa = PBXVariantGroup;
			children = (
				C5A4164B21650280008A93B3 /* Base */,
			);
			name = Main.storyboard;
			sourceTree = "<group>";
		};
		C5A4164F21650280008A93B3 /* LaunchScreen.storyboard */ = {
			isa = PBXVariantGroup;
			children = (
				C5A4165021650280008A93B3 /* Base */,
			);
			name = LaunchScreen.storyboard;
			sourceTree = "<group>";
		};
/* End PBXVariantGroup section */

/* Begin XCBuildConfiguration section */
		C5A4165321650280008A93B3 /* Debug */ = {
			isa = XCBuildConfiguration;
			buildSettings = {
				ALWAYS_SEARCH_USER_PATHS = NO;
				CLANG_ANALYZER_LOCALIZABILITY_NONLOCALIZED = YES;
				CLANG_ANALYZER_NONNULL = YES;
				CLANG_ANALYZER_NUMBER_OBJECT_CONVERSION = YES_AGGRESSIVE;
				CLANG_CXX_LANGUAGE_STANDARD = "gnu++14";
				CLANG_CXX_LIBRARY = "libc++";
				CLANG_ENABLE_MODULES = YES;
				CLANG_ENABLE_OBJC_ARC = YES;
				CLANG_ENABLE_OBJC_WEAK = YES;
				CLANG_WARN_BLOCK_CAPTURE_AUTORELEASING = YES;
				CLANG_WARN_BOOL_CONVERSION = YES;
				CLANG_WARN_COMMA = YES;
				CLANG_WARN_CONSTANT_CONVERSION = YES;
				CLANG_WARN_DEPRECATED_OBJC_IMPLEMENTATIONS = YES;
				CLANG_WARN_DIRECT_OBJC_ISA_USAGE = YES_ERROR;
				CLANG_WARN_DOCUMENTATION_COMMENTS = YES;
				CLANG_WARN_EMPTY_BODY = YES;
				CLANG_WARN_ENUM_CONVERSION = YES;
				CLANG_WARN_INFINITE_RECURSION = YES;
				CLANG_WARN_INT_CONVERSION = YES;
				CLANG_WARN_NON_LITERAL_NULL_CONVERSION = YES;
				CLANG_WARN_OBJC_IMPLICIT_RETAIN_SELF = YES;
				CLANG_WARN_OBJC_LITERAL_CONVERSION = YES;
				CLANG_WARN_OBJC_ROOT_CLASS = YES_ERROR;
				CLANG_WARN_RANGE_LOOP_ANALYSIS = YES;
				CLANG_WARN_STRICT_PROTOTYPES = YES;
				CLANG_WARN_SUSPICIOUS_MOVE = YES;
				CLANG_WARN_UNGUARDED_AVAILABILITY = YES_AGGRESSIVE;
				CLANG_WARN_UNREACHABLE_CODE = YES;
				CLANG_WARN__DUPLICATE_METHOD_MATCH = YES;
				CODE_SIGN_IDENTITY = "iPhone Developer";
				COPY_PHASE_STRIP = NO;
				DEBUG_INFORMATION_FORMAT = dwarf;
				ENABLE_STRICT_OBJC_MSGSEND = YES;
				ENABLE_TESTABILITY = YES;
				GCC_C_LANGUAGE_STANDARD = gnu11;
				GCC_DYNAMIC_NO_PIC = NO;
				GCC_NO_COMMON_BLOCKS = YES;
				GCC_OPTIMIZATION_LEVEL = 0;
				GCC_PREPROCESSOR_DEFINITIONS = (
					"DEBUG=1",
					"$(inherited)",
				);
				GCC_WARN_64_TO_32_BIT_CONVERSION = YES;
				GCC_WARN_ABOUT_RETURN_TYPE = YES_ERROR;
				GCC_WARN_UNDECLARED_SELECTOR = YES;
				GCC_WARN_UNINITIALIZED_AUTOS = YES_AGGRESSIVE;
				GCC_WARN_UNUSED_FUNCTION = YES;
				GCC_WARN_UNUSED_VARIABLE = YES;
				IPHONEOS_DEPLOYMENT_TARGET = 11.4;
				MTL_ENABLE_DEBUG_INFO = YES;
				ONLY_ACTIVE_ARCH = YES;
				SDKROOT = iphoneos;
				SWIFT_ACTIVE_COMPILATION_CONDITIONS = DEBUG;
				SWIFT_OBJC_BRIDGING_HEADER = "PayButton/PayButton-Bridging-Header.h";
				SWIFT_OPTIMIZATION_LEVEL = "-Onone";
			};
			name = Debug;
		};
		C5A4165421650280008A93B3 /* Release */ = {
			isa = XCBuildConfiguration;
			buildSettings = {
				ALWAYS_SEARCH_USER_PATHS = NO;
				CLANG_ANALYZER_LOCALIZABILITY_NONLOCALIZED = YES;
				CLANG_ANALYZER_NONNULL = YES;
				CLANG_ANALYZER_NUMBER_OBJECT_CONVERSION = YES_AGGRESSIVE;
				CLANG_CXX_LANGUAGE_STANDARD = "gnu++14";
				CLANG_CXX_LIBRARY = "libc++";
				CLANG_ENABLE_MODULES = YES;
				CLANG_ENABLE_OBJC_ARC = YES;
				CLANG_ENABLE_OBJC_WEAK = YES;
				CLANG_WARN_BLOCK_CAPTURE_AUTORELEASING = YES;
				CLANG_WARN_BOOL_CONVERSION = YES;
				CLANG_WARN_COMMA = YES;
				CLANG_WARN_CONSTANT_CONVERSION = YES;
				CLANG_WARN_DEPRECATED_OBJC_IMPLEMENTATIONS = YES;
				CLANG_WARN_DIRECT_OBJC_ISA_USAGE = YES_ERROR;
				CLANG_WARN_DOCUMENTATION_COMMENTS = YES;
				CLANG_WARN_EMPTY_BODY = YES;
				CLANG_WARN_ENUM_CONVERSION = YES;
				CLANG_WARN_INFINITE_RECURSION = YES;
				CLANG_WARN_INT_CONVERSION = YES;
				CLANG_WARN_NON_LITERAL_NULL_CONVERSION = YES;
				CLANG_WARN_OBJC_IMPLICIT_RETAIN_SELF = YES;
				CLANG_WARN_OBJC_LITERAL_CONVERSION = YES;
				CLANG_WARN_OBJC_ROOT_CLASS = YES_ERROR;
				CLANG_WARN_RANGE_LOOP_ANALYSIS = YES;
				CLANG_WARN_STRICT_PROTOTYPES = YES;
				CLANG_WARN_SUSPICIOUS_MOVE = YES;
				CLANG_WARN_UNGUARDED_AVAILABILITY = YES_AGGRESSIVE;
				CLANG_WARN_UNREACHABLE_CODE = YES;
				CLANG_WARN__DUPLICATE_METHOD_MATCH = YES;
				CODE_SIGN_IDENTITY = "iPhone Developer";
				COPY_PHASE_STRIP = NO;
				DEBUG_INFORMATION_FORMAT = "dwarf-with-dsym";
				ENABLE_NS_ASSERTIONS = NO;
				ENABLE_STRICT_OBJC_MSGSEND = YES;
				GCC_C_LANGUAGE_STANDARD = gnu11;
				GCC_NO_COMMON_BLOCKS = YES;
				GCC_WARN_64_TO_32_BIT_CONVERSION = YES;
				GCC_WARN_ABOUT_RETURN_TYPE = YES_ERROR;
				GCC_WARN_UNDECLARED_SELECTOR = YES;
				GCC_WARN_UNINITIALIZED_AUTOS = YES_AGGRESSIVE;
				GCC_WARN_UNUSED_FUNCTION = YES;
				GCC_WARN_UNUSED_VARIABLE = YES;
				IPHONEOS_DEPLOYMENT_TARGET = 11.4;
				MTL_ENABLE_DEBUG_INFO = NO;
				SDKROOT = iphoneos;
				SWIFT_COMPILATION_MODE = wholemodule;
				SWIFT_OBJC_BRIDGING_HEADER = "PayButton/PayButton-Bridging-Header.h";
				SWIFT_OPTIMIZATION_LEVEL = "-O";
				VALIDATE_PRODUCT = YES;
			};
			name = Release;
		};
		C5A4165621650280008A93B3 /* Debug */ = {
			isa = XCBuildConfiguration;
			baseConfigurationReference = DBFC53917A27A8B60089C797 /* Pods-PayButton.debug.xcconfig */;
			buildSettings = {
				ASSETCATALOG_COMPILER_LAUNCHIMAGE_NAME = LaunchImage;
				CODE_SIGN_STYLE = Automatic;
				DEVELOPMENT_TEAM = B84S4L9KW4;
				INFOPLIST_FILE = PayButton/Info.plist;
				IPHONEOS_DEPLOYMENT_TARGET = 11.0;
				LD_RUNPATH_SEARCH_PATHS = (
					"$(inherited)",
					"@executable_path/Frameworks",
				);
				PRODUCT_BUNDLE_IDENTIFIER = io.payskey.PayButton;
				PRODUCT_NAME = "$(TARGET_NAME)";
				SWIFT_VERSION = 5.0;
				TARGETED_DEVICE_FAMILY = "1,2";
			};
			name = Debug;
		};
		C5A4165721650280008A93B3 /* Release */ = {
			isa = XCBuildConfiguration;
			baseConfigurationReference = CD8F6F307DD2C1DF32D68A42 /* Pods-PayButton.release.xcconfig */;
			buildSettings = {
				ASSETCATALOG_COMPILER_LAUNCHIMAGE_NAME = LaunchImage;
				CODE_SIGN_STYLE = Automatic;
				DEVELOPMENT_TEAM = B84S4L9KW4;
				INFOPLIST_FILE = PayButton/Info.plist;
				IPHONEOS_DEPLOYMENT_TARGET = 11.0;
				LD_RUNPATH_SEARCH_PATHS = (
					"$(inherited)",
					"@executable_path/Frameworks",
				);
				PRODUCT_BUNDLE_IDENTIFIER = io.payskey.PayButton;
				PRODUCT_NAME = "$(TARGET_NAME)";
				SWIFT_VERSION = 5.0;
				TARGETED_DEVICE_FAMILY = "1,2";
			};
			name = Release;
		};
/* End XCBuildConfiguration section */

/* Begin XCConfigurationList section */
		C5A4163E2165027F008A93B3 /* Build configuration list for PBXProject "PayButton" */ = {
			isa = XCConfigurationList;
			buildConfigurations = (
				C5A4165321650280008A93B3 /* Debug */,
				C5A4165421650280008A93B3 /* Release */,
			);
			defaultConfigurationIsVisible = 0;
			defaultConfigurationName = Release;
		};
		C5A4165521650280008A93B3 /* Build configuration list for PBXNativeTarget "PayButton" */ = {
			isa = XCConfigurationList;
			buildConfigurations = (
				C5A4165621650280008A93B3 /* Debug */,
				C5A4165721650280008A93B3 /* Release */,
			);
			defaultConfigurationIsVisible = 0;
			defaultConfigurationName = Release;
		};
/* End XCConfigurationList section */
	};
	rootObject = C5A4163B2165027F008A93B3 /* Project object */;
}
