// !$*UTF8*$!
{
	archiveVersion = 1;
	classes = {
	};
	objectVersion = 56;
	objects = {

/* Begin PBXBuildFile section */
		890894D72A327BA400F6317E /* Bundle+version.swift in Sources */ = {isa = PBXBuildFile; fileRef = 890894D62A327BA400F6317E /* Bundle+version.swift */; };
		890B8B132A238EA90059DC3F /* String+Extensions.swift in Sources */ = {isa = PBXBuildFile; fileRef = 890B8B122A238EA90059DC3F /* String+Extensions.swift */; };
		890B8B152A239B190059DC3F /* HMACAlgorithm.swift in Sources */ = {isa = PBXBuildFile; fileRef = 890B8B142A239B190059DC3F /* HMACAlgorithm.swift */; };
		890B8B172A23A8020059DC3F /* UITextField+Extensions.swift in Sources */ = {isa = PBXBuildFile; fileRef = 890B8B162A23A8020059DC3F /* UITextField+Extensions.swift */; };
		890B8B192A23A97D0059DC3F /* UIFont+Extensions.swift in Sources */ = {isa = PBXBuildFile; fileRef = 890B8B182A23A97D0059DC3F /* UIFont+Extensions.swift */; };
		890B8B1B2A23A9AB0059DC3F /* UIApplication+Extensions.swift in Sources */ = {isa = PBXBuildFile; fileRef = 890B8B1A2A23A9AB0059DC3F /* UIApplication+Extensions.swift */; };
		890B8B1D2A23AA600059DC3F /* UIViewController+Extension.swift in Sources */ = {isa = PBXBuildFile; fileRef = 890B8B1C2A23AA600059DC3F /* UIViewController+Extension.swift */; };
		890B8B1F2A23AE950059DC3F /* UIColor+Extensions.swift in Sources */ = {isa = PBXBuildFile; fileRef = 890B8B1E2A23AE950059DC3F /* UIColor+Extensions.swift */; };
		890B8B212A23B1200059DC3F /* URL+Extensions.swift in Sources */ = {isa = PBXBuildFile; fileRef = 890B8B202A23B1200059DC3F /* URL+Extensions.swift */; };
		890B8B232A23B2380059DC3F /* UIView+Extensions.swift in Sources */ = {isa = PBXBuildFile; fileRef = 890B8B222A23B2380059DC3F /* UIView+Extensions.swift */; };
		890B8B252A23B2760059DC3F /* UIButton+Extensions.swift in Sources */ = {isa = PBXBuildFile; fileRef = 890B8B242A23B2760059DC3F /* UIButton+Extensions.swift */; };
		890B8B272A24CE790059DC3F /* FormattedDate.swift in Sources */ = {isa = PBXBuildFile; fileRef = 890B8B262A24CE790059DC3F /* FormattedDate.swift */; };
		896E776A2A4F52620057F09E /* DeleteSavedCardUseCase.swift in Sources */ = {isa = PBXBuildFile; fileRef = 896E77482A4F52610057F09E /* DeleteSavedCardUseCase.swift */; };
		896E776B2A4F52620057F09E /* PayByCardUseCase.swift in Sources */ = {isa = PBXBuildFile; fileRef = 896E77492A4F52610057F09E /* PayByCardUseCase.swift */; };
		896E776C2A4F52620057F09E /* CheckTransactionStatusUseCase.swift in Sources */ = {isa = PBXBuildFile; fileRef = 896E774A2A4F52610057F09E /* CheckTransactionStatusUseCase.swift */; };
		896E776E2A4F52620057F09E /* GetCustomerSessionUseCase.swift in Sources */ = {isa = PBXBuildFile; fileRef = 896E774C2A4F52610057F09E /* GetCustomerSessionUseCase.swift */; };
		896E776F2A4F52620057F09E /* CheckPaymentMethodUseCase.swift in Sources */ = {isa = PBXBuildFile; fileRef = 896E774D2A4F52610057F09E /* CheckPaymentMethodUseCase.swift */; };
		896E77712A4F52620057F09E /* GetCustomerCardsUseCase.swift in Sources */ = {isa = PBXBuildFile; fileRef = 896E774F2A4F52610057F09E /* GetCustomerCardsUseCase.swift */; };
		896E77722A4F52620057F09E /* CheckTransactionStatusParameters.swift in Sources */ = {isa = PBXBuildFile; fileRef = 896E77522A4F52610057F09E /* CheckTransactionStatusParameters.swift */; };
		896E77732A4F52620057F09E /* CheckTransactionStatusResponse.swift in Sources */ = {isa = PBXBuildFile; fileRef = 896E77532A4F52610057F09E /* CheckTransactionStatusResponse.swift */; };
		896E77742A4F52620057F09E /* GetCustomerTokenParameters.swift in Sources */ = {isa = PBXBuildFile; fileRef = 896E77542A4F52610057F09E /* GetCustomerTokenParameters.swift */; };
		896E77752A4F52620057F09E /* GetCustomerSessionParameters.swift in Sources */ = {isa = PBXBuildFile; fileRef = 896E77562A4F52610057F09E /* GetCustomerSessionParameters.swift */; };
		896E77762A4F52620057F09E /* GetCustomerSessionResponse.swift in Sources */ = {isa = PBXBuildFile; fileRef = 896E77572A4F52610057F09E /* GetCustomerSessionResponse.swift */; };
		896E77772A4F52620057F09E /* PayByCardReponse.swift in Sources */ = {isa = PBXBuildFile; fileRef = 896E77592A4F52610057F09E /* PayByCardReponse.swift */; };
		896E77782A4F52620057F09E /* PayByCardParameters.swift in Sources */ = {isa = PBXBuildFile; fileRef = 896E775A2A4F52610057F09E /* PayByCardParameters.swift */; };
		896E77792A4F52620057F09E /* GetCustomerCardsResponse.swift in Sources */ = {isa = PBXBuildFile; fileRef = 896E775B2A4F52610057F09E /* GetCustomerCardsResponse.swift */; };
		896E777A2A4F52620057F09E /* Result.swift in Sources */ = {isa = PBXBuildFile; fileRef = 896E775C2A4F52610057F09E /* Result.swift */; };
		896E777B2A4F52620057F09E /* PaymentMethodResponse.swift in Sources */ = {isa = PBXBuildFile; fileRef = 896E775E2A4F52610057F09E /* PaymentMethodResponse.swift */; };
		896E777C2A4F52620057F09E /* PaymentMethodParameters.swift in Sources */ = {isa = PBXBuildFile; fileRef = 896E775F2A4F52610057F09E /* PaymentMethodParameters.swift */; };
		896E777D2A4F52620057F09E /* MerchantDataModel.swift in Sources */ = {isa = PBXBuildFile; fileRef = 896E77602A4F52610057F09E /* MerchantDataModel.swift */; };
		896E77822A4F52620057F09E /* DeleteTokenParameters.swift in Sources */ = {isa = PBXBuildFile; fileRef = 896E77682A4F52610057F09E /* DeleteTokenParameters.swift */; };
		896E77832A4F52620057F09E /* DeleteTokenResponse.swift in Sources */ = {isa = PBXBuildFile; fileRef = 896E77692A4F52610057F09E /* DeleteTokenResponse.swift */; };
		896E778E2A4F526C0057F09E /* NetworkRouter.swift in Sources */ = {isa = PBXBuildFile; fileRef = 896E77852A4F526C0057F09E /* NetworkRouter.swift */; };
		896E778F2A4F526C0057F09E /* ApiService.swift in Sources */ = {isa = PBXBuildFile; fileRef = 896E77862A4F526C0057F09E /* ApiService.swift */; };
		896E77902A4F526C0057F09E /* ApiClient.swift in Sources */ = {isa = PBXBuildFile; fileRef = 896E77872A4F526C0057F09E /* ApiClient.swift */; };
		896E77912A4F526C0057F09E /* NetworkManager.swift in Sources */ = {isa = PBXBuildFile; fileRef = 896E77882A4F526C0057F09E /* NetworkManager.swift */; };
		896E77922A4F526C0057F09E /* ParameterEncoding.swift in Sources */ = {isa = PBXBuildFile; fileRef = 896E778A2A4F526C0057F09E /* ParameterEncoding.swift */; };
		896E77932A4F526C0057F09E /* URLParameterEncoding.swift in Sources */ = {isa = PBXBuildFile; fileRef = 896E778B2A4F526C0057F09E /* URLParameterEncoding.swift */; };
		896E77942A4F526C0057F09E /* JSONParameterEncoder.swift in Sources */ = {isa = PBXBuildFile; fileRef = 896E778C2A4F526C0057F09E /* JSONParameterEncoder.swift */; };
		896E77952A4F526C0057F09E /* NetworkLogger.swift in Sources */ = {isa = PBXBuildFile; fileRef = 896E778D2A4F526C0057F09E /* NetworkLogger.swift */; };
		896E77972A4F58E70057F09E /* MerchantDataManager.swift in Sources */ = {isa = PBXBuildFile; fileRef = 896E77962A4F58E70057F09E /* MerchantDataManager.swift */; };
		899CE60B2A4F822C00F2F2FA /* MainPresenter.swift in Sources */ = {isa = PBXBuildFile; fileRef = 899CE60A2A4F822C00F2F2FA /* MainPresenter.swift */; };
		899CE60D2A4FA67A00F2F2FA /* AddNewCardPresenter.swift in Sources */ = {isa = PBXBuildFile; fileRef = 899CE60C2A4FA67A00F2F2FA /* AddNewCardPresenter.swift */; };
		899CE60F2A4FA71400F2F2FA /* SelectCardListPresenter.swift in Sources */ = {isa = PBXBuildFile; fileRef = 899CE60E2A4FA71400F2F2FA /* SelectCardListPresenter.swift */; };
		899F240A2A3FA06800A1AFE8 /* Enums.swift in Sources */ = {isa = PBXBuildFile; fileRef = 899F24092A3FA06800A1AFE8 /* Enums.swift */; };
		89C0179C2A56E1E70050108A /* TokenizedCardParameters.swift in Sources */ = {isa = PBXBuildFile; fileRef = 89C0179B2A56E1E70050108A /* TokenizedCardParameters.swift */; };
		89C0179F2A56E59A0050108A /* PayByTokenizedCardUseCase.swift in Sources */ = {isa = PBXBuildFile; fileRef = 89C0179E2A56E59A0050108A /* PayByTokenizedCardUseCase.swift */; };
		89C017A62A58E2B80050108A /* PaymentProcessingPresenter.swift in Sources */ = {isa = PBXBuildFile; fileRef = 89C017A52A58E2B80050108A /* PaymentProcessingPresenter.swift */; };
		89C017A82A58E2DA0050108A /* PaymentApprovedPresenter.swift in Sources */ = {isa = PBXBuildFile; fileRef = 89C017A72A58E2DA0050108A /* PaymentApprovedPresenter.swift */; };
		89C017AA2A5A99CB0050108A /* SendTrxnReceiptByEmailUseCase.swift in Sources */ = {isa = PBXBuildFile; fileRef = 89C017A92A5A99CB0050108A /* SendTrxnReceiptByEmailUseCase.swift */; };
		89C017AD2A5A9BCF0050108A /* SendReceiptByEmailParameters.swift in Sources */ = {isa = PBXBuildFile; fileRef = 89C017AC2A5A9BCF0050108A /* SendReceiptByEmailParameters.swift */; };
		89C017AF2A5A9E010050108A /* SendReceiptByEmailResponse.swift in Sources */ = {isa = PBXBuildFile; fileRef = 89C017AE2A5A9E000050108A /* SendReceiptByEmailResponse.swift */; };
		89C7848E2A309C8F007280F6 /* MainViewController.swift in Sources */ = {isa = PBXBuildFile; fileRef = 89C7848C2A309C8F007280F6 /* MainViewController.swift */; };
		89C7848F2A309C8F007280F6 /* MainViewController.xib in Resources */ = {isa = PBXBuildFile; fileRef = 89C7848D2A309C8F007280F6 /* MainViewController.xib */; };
		89CCC8162A5219370047CE37 /* AddNewCardVC+Extension.swift in Sources */ = {isa = PBXBuildFile; fileRef = 89CCC8152A5219370047CE37 /* AddNewCardVC+Extension.swift */; };
		89D4C8462A5B3D830071966E /* ChangeDefaultCardUseCase.swift in Sources */ = {isa = PBXBuildFile; fileRef = 89D4C8452A5B3D830071966E /* ChangeDefaultCardUseCase.swift */; };
		89D4C84B2A5B3E280071966E /* ChangeDefaultTokenParameters.swift in Sources */ = {isa = PBXBuildFile; fileRef = 89D4C84A2A5B3E280071966E /* ChangeDefaultTokenParameters.swift */; };
		89D4C84D2A5B3E310071966E /* ChangeDefaultTokenResponse.swift in Sources */ = {isa = PBXBuildFile; fileRef = 89D4C84C2A5B3E310071966E /* ChangeDefaultTokenResponse.swift */; };
		89D4C84F2A5B43430071966E /* ManageCardsPresenter.swift in Sources */ = {isa = PBXBuildFile; fileRef = 89D4C84E2A5B43430071966E /* ManageCardsPresenter.swift */; };
		89F7B7692A263A2500E6333A /* Bundle+swizzleLocalization.swift in Sources */ = {isa = PBXBuildFile; fileRef = 89F7B7682A263A2500E6333A /* Bundle+swizzleLocalization.swift */; };
		BE78D18F55EE1E187C86D54A /* Pods_PayButton.framework in Frameworks */ = {isa = PBXBuildFile; fileRef = E4E4D9EF46F5EC293057DFD4 /* Pods_PayButton.framework */; };
		C528E24C2166118F00CAFBC4 /* UITextView+Extensions.swift in Sources */ = {isa = PBXBuildFile; fileRef = C528E2462166118F00CAFBC4 /* UITextView+Extensions.swift */; };
		C528E24D2166118F00CAFBC4 /* GlobalManager.swift in Sources */ = {isa = PBXBuildFile; fileRef = C528E2472166118F00CAFBC4 /* GlobalManager.swift */; };
		C528E2512166118F00CAFBC4 /* AppConstants.swift in Sources */ = {isa = PBXBuildFile; fileRef = C528E24B2166118F00CAFBC4 /* AppConstants.swift */; };
		C528E2542166129000CAFBC4 /* AlertDialogViewController.xib in Resources */ = {isa = PBXBuildFile; fileRef = C528E2532166129000CAFBC4 /* AlertDialogViewController.xib */; };
		C528E25A2166135D00CAFBC4 /* AlertDialogViewController.swift in Sources */ = {isa = PBXBuildFile; fileRef = C528E2592166135D00CAFBC4 /* AlertDialogViewController.swift */; };
		C528E2612166377700CAFBC4 /* PayButtonBoard.storyboard in Resources */ = {isa = PBXBuildFile; fileRef = C528E2602166377700CAFBC4 /* PayButtonBoard.storyboard */; };
		C52CDFEF2327BFAC00E0EC74 /* WebKit.framework in Frameworks */ = {isa = PBXBuildFile; fileRef = C52CDFEE2327BFAC00E0EC74 /* WebKit.framework */; };
		C5A1C9B62210351200D9F663 /* Localizable.strings in Resources */ = {isa = PBXBuildFile; fileRef = C5A1C9B42210351200D9F663 /* Localizable.strings */; };
		C5A4164721650280008A93B3 /* AppDelegate.swift in Sources */ = {isa = PBXBuildFile; fileRef = C5A4164621650280008A93B3 /* AppDelegate.swift */; };
		C5A4164E21650280008A93B3 /* PayButtonAssets.xcassets in Resources */ = {isa = PBXBuildFile; fileRef = C5A4164D21650280008A93B3 /* PayButtonAssets.xcassets */; };
		C5A4165121650280008A93B3 /* LaunchScreen.storyboard in Resources */ = {isa = PBXBuildFile; fileRef = C5A4164F21650280008A93B3 /* LaunchScreen.storyboard */; };
		C5B1E7F7220058FF00C09D13 /* Toast.swift in Sources */ = {isa = PBXBuildFile; fileRef = C5B1E7F6220058FF00C09D13 /* Toast.swift */; };
		C5B900F4216A404F00301C13 /* PaymentViewController.swift in Sources */ = {isa = PBXBuildFile; fileRef = C5B900F3216A404F00301C13 /* PaymentViewController.swift */; };
		C5B900FA216A44A200301C13 /* BasePaymentViewController.swift in Sources */ = {isa = PBXBuildFile; fileRef = C5B900F9216A44A200301C13 /* BasePaymentViewController.swift */; };
		C5F5D81F216655D40090E5FF /* CardScanViewController.swift in Sources */ = {isa = PBXBuildFile; fileRef = C5F5D81E216655D40090E5FF /* CardScanViewController.swift */; };
		C5FD73FA22240168008BD2AE /* CreditCardValidator.swift in Sources */ = {isa = PBXBuildFile; fileRef = C5FD73F822240168008BD2AE /* CreditCardValidator.swift */; };
		C5FD73FB22240168008BD2AE /* CreditCardValidationType.swift in Sources */ = {isa = PBXBuildFile; fileRef = C5FD73F922240168008BD2AE /* CreditCardValidationType.swift */; };
		C5FD7424222405D3008BD2AE /* Mask.swift in Sources */ = {isa = PBXBuildFile; fileRef = C5FD7408222405D3008BD2AE /* Mask.swift */; };
		C5FD7425222405D3008BD2AE /* Next.swift in Sources */ = {isa = PBXBuildFile; fileRef = C5FD740A222405D3008BD2AE /* Next.swift */; };
		C5FD7426222405D3008BD2AE /* State.swift in Sources */ = {isa = PBXBuildFile; fileRef = C5FD740B222405D3008BD2AE /* State.swift */; };
		C5FD7427222405D3008BD2AE /* Notation.swift in Sources */ = {isa = PBXBuildFile; fileRef = C5FD740C222405D3008BD2AE /* Notation.swift */; };
		C5FD7428222405D3008BD2AE /* ValueState.swift in Sources */ = {isa = PBXBuildFile; fileRef = C5FD740E222405D3008BD2AE /* ValueState.swift */; };
		C5FD7429222405D3008BD2AE /* EOLState.swift in Sources */ = {isa = PBXBuildFile; fileRef = C5FD740F222405D3008BD2AE /* EOLState.swift */; };
		C5FD742A222405D3008BD2AE /* FixedState.swift in Sources */ = {isa = PBXBuildFile; fileRef = C5FD7410222405D3008BD2AE /* FixedState.swift */; };
		C5FD742B222405D3008BD2AE /* OptionalValueState.swift in Sources */ = {isa = PBXBuildFile; fileRef = C5FD7411222405D3008BD2AE /* OptionalValueState.swift */; };
		C5FD742C222405D3008BD2AE /* FreeState.swift in Sources */ = {isa = PBXBuildFile; fileRef = C5FD7412222405D3008BD2AE /* FreeState.swift */; };
		C5FD742D222405D3008BD2AE /* CaretString.swift in Sources */ = {isa = PBXBuildFile; fileRef = C5FD7413222405D3008BD2AE /* CaretString.swift */; };
		C5FD742E222405D3008BD2AE /* MaskedTextViewDelegate.swift in Sources */ = {isa = PBXBuildFile; fileRef = C5FD7415222405D3008BD2AE /* MaskedTextViewDelegate.swift */; };
		C5FD742F222405D3008BD2AE /* MaskedTextInputListener.swift in Sources */ = {isa = PBXBuildFile; fileRef = C5FD7416222405D3008BD2AE /* MaskedTextInputListener.swift */; };
		C5FD7430222405D3008BD2AE /* UITextInput.swift in Sources */ = {isa = PBXBuildFile; fileRef = C5FD7417222405D3008BD2AE /* UITextInput.swift */; };
		C5FD7431222405D3008BD2AE /* UITextField.swift in Sources */ = {isa = PBXBuildFile; fileRef = C5FD7418222405D3008BD2AE /* UITextField.swift */; };
		C5FD7432222405D3008BD2AE /* ReversedMaskTextFieldDelegate.swift in Sources */ = {isa = PBXBuildFile; fileRef = C5FD7419222405D3008BD2AE /* ReversedMaskTextFieldDelegate.swift */; };
		C5FD7433222405D3008BD2AE /* MaskedTextFieldDelegate.swift in Sources */ = {isa = PBXBuildFile; fileRef = C5FD741A222405D3008BD2AE /* MaskedTextFieldDelegate.swift */; };
		C5FD7434222405D3008BD2AE /* UITextView.swift in Sources */ = {isa = PBXBuildFile; fileRef = C5FD741B222405D3008BD2AE /* UITextView.swift */; };
		C5FD7435222405D3008BD2AE /* CaretStringIterator.swift in Sources */ = {isa = PBXBuildFile; fileRef = C5FD741D222405D3008BD2AE /* CaretStringIterator.swift */; };
		C5FD7436222405D3008BD2AE /* AffinityCalculationStrategy.swift in Sources */ = {isa = PBXBuildFile; fileRef = C5FD741E222405D3008BD2AE /* AffinityCalculationStrategy.swift */; };
		C5FD7437222405D3008BD2AE /* Compiler.swift in Sources */ = {isa = PBXBuildFile; fileRef = C5FD741F222405D3008BD2AE /* Compiler.swift */; };
		C5FD7438222405D3008BD2AE /* FormatSanitizer.swift in Sources */ = {isa = PBXBuildFile; fileRef = C5FD7420222405D3008BD2AE /* FormatSanitizer.swift */; };
		C5FD7439222405D3008BD2AE /* NSCharacterSet.swift in Sources */ = {isa = PBXBuildFile; fileRef = C5FD7421222405D3008BD2AE /* NSCharacterSet.swift */; };
		C5FD743A222405D3008BD2AE /* String.swift in Sources */ = {isa = PBXBuildFile; fileRef = C5FD7422222405D3008BD2AE /* String.swift */; };
		C5FD7440222406D8008BD2AE /* UIImageViewExtension.swift in Sources */ = {isa = PBXBuildFile; fileRef = C5FD743C222406D8008BD2AE /* UIImageViewExtension.swift */; };
		C5FD7441222406D8008BD2AE /* CIImageExtension.swift in Sources */ = {isa = PBXBuildFile; fileRef = C5FD743D222406D8008BD2AE /* CIImageExtension.swift */; };
		C5FD7442222406D8008BD2AE /* CIColorExtension.swift in Sources */ = {isa = PBXBuildFile; fileRef = C5FD743E222406D8008BD2AE /* CIColorExtension.swift */; };
		C5FD7443222406D8008BD2AE /* QRCode.swift in Sources */ = {isa = PBXBuildFile; fileRef = C5FD743F222406D8008BD2AE /* QRCode.swift */; };
		FA48AFB02A4099D10064C8B1 /* ManageCardsVC.swift in Sources */ = {isa = PBXBuildFile; fileRef = FA48AFAE2A4099D10064C8B1 /* ManageCardsVC.swift */; };
		FA48AFB12A4099D10064C8B1 /* ManageCardsVC.xib in Resources */ = {isa = PBXBuildFile; fileRef = FA48AFAF2A4099D10064C8B1 /* ManageCardsVC.xib */; };
		FA48AFB42A40A34A0064C8B1 /* ManageCardsTableHeader.swift in Sources */ = {isa = PBXBuildFile; fileRef = FA48AFB32A40A34A0064C8B1 /* ManageCardsTableHeader.swift */; };
		FA48AFB82A40A3810064C8B1 /* ManageCardsTableHeader.xib in Resources */ = {isa = PBXBuildFile; fileRef = FA48AFB72A40A3810064C8B1 /* ManageCardsTableHeader.xib */; };
		FAAAE5872A3F3828001467A4 /* AddNewCardVC.swift in Sources */ = {isa = PBXBuildFile; fileRef = FAAAE5852A3F3828001467A4 /* AddNewCardVC.swift */; };
		FAAAE5882A3F3828001467A4 /* AddNewCardVC.xib in Resources */ = {isa = PBXBuildFile; fileRef = FAAAE5862A3F3828001467A4 /* AddNewCardVC.xib */; };
		FAAAE58A2A40507C001467A4 /* CheckBox.swift in Sources */ = {isa = PBXBuildFile; fileRef = FAAAE5892A40507C001467A4 /* CheckBox.swift */; };
		FAE382F72A406B3B00DFB9AF /* SelectCardListVC.swift in Sources */ = {isa = PBXBuildFile; fileRef = FAE382F52A406B3B00DFB9AF /* SelectCardListVC.swift */; };
		FAE382F82A406B3B00DFB9AF /* SelectCardListVC.xib in Resources */ = {isa = PBXBuildFile; fileRef = FAE382F62A406B3B00DFB9AF /* SelectCardListVC.xib */; };
		FAE382FC2A406E6700DFB9AF /* CardListTblCell.swift in Sources */ = {isa = PBXBuildFile; fileRef = FAE382FA2A406E6700DFB9AF /* CardListTblCell.swift */; };
		FAE382FD2A406E6700DFB9AF /* CardListTblCell.xib in Resources */ = {isa = PBXBuildFile; fileRef = FAE382FB2A406E6700DFB9AF /* CardListTblCell.xib */; };
		FAF480102A418940005EC676 /* ManageCardsTblCell.swift in Sources */ = {isa = PBXBuildFile; fileRef = FAF4800E2A418940005EC676 /* ManageCardsTblCell.swift */; };
		FAF480112A418940005EC676 /* ManageCardsTblCell.xib in Resources */ = {isa = PBXBuildFile; fileRef = FAF4800F2A418940005EC676 /* ManageCardsTblCell.xib */; };
		FAF480152A41A808005EC676 /* PaymentProcessingVC.swift in Sources */ = {isa = PBXBuildFile; fileRef = FAF480132A41A808005EC676 /* PaymentProcessingVC.swift */; };
		FAF480162A41A808005EC676 /* PaymentProcessingVC.xib in Resources */ = {isa = PBXBuildFile; fileRef = FAF480142A41A808005EC676 /* PaymentProcessingVC.xib */; };
		FAF4801A2A41B065005EC676 /* PaymentApprovedVC.swift in Sources */ = {isa = PBXBuildFile; fileRef = FAF480182A41B065005EC676 /* PaymentApprovedVC.swift */; };
		FAF4801B2A41B065005EC676 /* PaymentApprovedVC.xib in Resources */ = {isa = PBXBuildFile; fileRef = FAF480192A41B065005EC676 /* PaymentApprovedVC.xib */; };
/* End PBXBuildFile section */

/* Begin PBXFileReference section */
		138B8F63299DF879D8DA3E8C /* Pods-PayButton.release.xcconfig */ = {isa = PBXFileReference; includeInIndex = 1; lastKnownFileType = text.xcconfig; name = "Pods-PayButton.release.xcconfig"; path = "Target Support Files/Pods-PayButton/Pods-PayButton.release.xcconfig"; sourceTree = "<group>"; };
		3452FBCF1FFA83B60C4AC51D /* Pods-PayButton.debug.xcconfig */ = {isa = PBXFileReference; includeInIndex = 1; lastKnownFileType = text.xcconfig; name = "Pods-PayButton.debug.xcconfig"; path = "Target Support Files/Pods-PayButton/Pods-PayButton.debug.xcconfig"; sourceTree = "<group>"; };
		890894D62A327BA400F6317E /* Bundle+version.swift */ = {isa = PBXFileReference; lastKnownFileType = sourcecode.swift; path = "Bundle+version.swift"; sourceTree = "<group>"; };
		890B8B122A238EA90059DC3F /* String+Extensions.swift */ = {isa = PBXFileReference; lastKnownFileType = sourcecode.swift; path = "String+Extensions.swift"; sourceTree = "<group>"; };
		890B8B142A239B190059DC3F /* HMACAlgorithm.swift */ = {isa = PBXFileReference; lastKnownFileType = sourcecode.swift; path = HMACAlgorithm.swift; sourceTree = "<group>"; };
		890B8B162A23A8020059DC3F /* UITextField+Extensions.swift */ = {isa = PBXFileReference; lastKnownFileType = sourcecode.swift; path = "UITextField+Extensions.swift"; sourceTree = "<group>"; };
		890B8B182A23A97D0059DC3F /* UIFont+Extensions.swift */ = {isa = PBXFileReference; lastKnownFileType = sourcecode.swift; path = "UIFont+Extensions.swift"; sourceTree = "<group>"; };
		890B8B1A2A23A9AB0059DC3F /* UIApplication+Extensions.swift */ = {isa = PBXFileReference; lastKnownFileType = sourcecode.swift; path = "UIApplication+Extensions.swift"; sourceTree = "<group>"; };
		890B8B1C2A23AA600059DC3F /* UIViewController+Extension.swift */ = {isa = PBXFileReference; lastKnownFileType = sourcecode.swift; path = "UIViewController+Extension.swift"; sourceTree = "<group>"; };
		890B8B1E2A23AE950059DC3F /* UIColor+Extensions.swift */ = {isa = PBXFileReference; lastKnownFileType = sourcecode.swift; path = "UIColor+Extensions.swift"; sourceTree = "<group>"; };
		890B8B202A23B1200059DC3F /* URL+Extensions.swift */ = {isa = PBXFileReference; lastKnownFileType = sourcecode.swift; path = "URL+Extensions.swift"; sourceTree = "<group>"; };
		890B8B222A23B2380059DC3F /* UIView+Extensions.swift */ = {isa = PBXFileReference; lastKnownFileType = sourcecode.swift; path = "UIView+Extensions.swift"; sourceTree = "<group>"; };
		890B8B242A23B2760059DC3F /* UIButton+Extensions.swift */ = {isa = PBXFileReference; lastKnownFileType = sourcecode.swift; path = "UIButton+Extensions.swift"; sourceTree = "<group>"; };
		890B8B262A24CE790059DC3F /* FormattedDate.swift */ = {isa = PBXFileReference; lastKnownFileType = sourcecode.swift; path = FormattedDate.swift; sourceTree = "<group>"; };
		896E77482A4F52610057F09E /* DeleteSavedCardUseCase.swift */ = {isa = PBXFileReference; fileEncoding = 4; lastKnownFileType = sourcecode.swift; path = DeleteSavedCardUseCase.swift; sourceTree = "<group>"; };
		896E77492A4F52610057F09E /* PayByCardUseCase.swift */ = {isa = PBXFileReference; fileEncoding = 4; lastKnownFileType = sourcecode.swift; path = PayByCardUseCase.swift; sourceTree = "<group>"; };
		896E774A2A4F52610057F09E /* CheckTransactionStatusUseCase.swift */ = {isa = PBXFileReference; fileEncoding = 4; lastKnownFileType = sourcecode.swift; path = CheckTransactionStatusUseCase.swift; sourceTree = "<group>"; };
		896E774C2A4F52610057F09E /* GetCustomerSessionUseCase.swift */ = {isa = PBXFileReference; fileEncoding = 4; lastKnownFileType = sourcecode.swift; path = GetCustomerSessionUseCase.swift; sourceTree = "<group>"; };
		896E774D2A4F52610057F09E /* CheckPaymentMethodUseCase.swift */ = {isa = PBXFileReference; fileEncoding = 4; lastKnownFileType = sourcecode.swift; path = CheckPaymentMethodUseCase.swift; sourceTree = "<group>"; };
		896E774F2A4F52610057F09E /* GetCustomerCardsUseCase.swift */ = {isa = PBXFileReference; fileEncoding = 4; lastKnownFileType = sourcecode.swift; path = GetCustomerCardsUseCase.swift; sourceTree = "<group>"; };
		896E77522A4F52610057F09E /* CheckTransactionStatusParameters.swift */ = {isa = PBXFileReference; fileEncoding = 4; lastKnownFileType = sourcecode.swift; path = CheckTransactionStatusParameters.swift; sourceTree = "<group>"; };
		896E77532A4F52610057F09E /* CheckTransactionStatusResponse.swift */ = {isa = PBXFileReference; fileEncoding = 4; lastKnownFileType = sourcecode.swift; path = CheckTransactionStatusResponse.swift; sourceTree = "<group>"; };
		896E77542A4F52610057F09E /* GetCustomerTokenParameters.swift */ = {isa = PBXFileReference; fileEncoding = 4; lastKnownFileType = sourcecode.swift; path = GetCustomerTokenParameters.swift; sourceTree = "<group>"; };
		896E77562A4F52610057F09E /* GetCustomerSessionParameters.swift */ = {isa = PBXFileReference; fileEncoding = 4; lastKnownFileType = sourcecode.swift; path = GetCustomerSessionParameters.swift; sourceTree = "<group>"; };
		896E77572A4F52610057F09E /* GetCustomerSessionResponse.swift */ = {isa = PBXFileReference; fileEncoding = 4; lastKnownFileType = sourcecode.swift; path = GetCustomerSessionResponse.swift; sourceTree = "<group>"; };
		896E77592A4F52610057F09E /* PayByCardReponse.swift */ = {isa = PBXFileReference; fileEncoding = 4; lastKnownFileType = sourcecode.swift; path = PayByCardReponse.swift; sourceTree = "<group>"; };
		896E775A2A4F52610057F09E /* PayByCardParameters.swift */ = {isa = PBXFileReference; fileEncoding = 4; lastKnownFileType = sourcecode.swift; path = PayByCardParameters.swift; sourceTree = "<group>"; };
		896E775B2A4F52610057F09E /* GetCustomerCardsResponse.swift */ = {isa = PBXFileReference; fileEncoding = 4; lastKnownFileType = sourcecode.swift; path = GetCustomerCardsResponse.swift; sourceTree = "<group>"; };
		896E775C2A4F52610057F09E /* Result.swift */ = {isa = PBXFileReference; fileEncoding = 4; lastKnownFileType = sourcecode.swift; path = Result.swift; sourceTree = "<group>"; };
		896E775E2A4F52610057F09E /* PaymentMethodResponse.swift */ = {isa = PBXFileReference; fileEncoding = 4; lastKnownFileType = sourcecode.swift; path = PaymentMethodResponse.swift; sourceTree = "<group>"; };
		896E775F2A4F52610057F09E /* PaymentMethodParameters.swift */ = {isa = PBXFileReference; fileEncoding = 4; lastKnownFileType = sourcecode.swift; path = PaymentMethodParameters.swift; sourceTree = "<group>"; };
		896E77602A4F52610057F09E /* MerchantDataModel.swift */ = {isa = PBXFileReference; fileEncoding = 4; lastKnownFileType = sourcecode.swift; path = MerchantDataModel.swift; sourceTree = "<group>"; };
		896E77682A4F52610057F09E /* DeleteTokenParameters.swift */ = {isa = PBXFileReference; fileEncoding = 4; lastKnownFileType = sourcecode.swift; path = DeleteTokenParameters.swift; sourceTree = "<group>"; };
		896E77692A4F52610057F09E /* DeleteTokenResponse.swift */ = {isa = PBXFileReference; fileEncoding = 4; lastKnownFileType = sourcecode.swift; path = DeleteTokenResponse.swift; sourceTree = "<group>"; };
		896E77852A4F526C0057F09E /* NetworkRouter.swift */ = {isa = PBXFileReference; fileEncoding = 4; lastKnownFileType = sourcecode.swift; path = NetworkRouter.swift; sourceTree = "<group>"; };
		896E77862A4F526C0057F09E /* ApiService.swift */ = {isa = PBXFileReference; fileEncoding = 4; lastKnownFileType = sourcecode.swift; path = ApiService.swift; sourceTree = "<group>"; };
		896E77872A4F526C0057F09E /* ApiClient.swift */ = {isa = PBXFileReference; fileEncoding = 4; lastKnownFileType = sourcecode.swift; path = ApiClient.swift; sourceTree = "<group>"; };
		896E77882A4F526C0057F09E /* NetworkManager.swift */ = {isa = PBXFileReference; fileEncoding = 4; lastKnownFileType = sourcecode.swift; path = NetworkManager.swift; sourceTree = "<group>"; };
		896E778A2A4F526C0057F09E /* ParameterEncoding.swift */ = {isa = PBXFileReference; fileEncoding = 4; lastKnownFileType = sourcecode.swift; path = ParameterEncoding.swift; sourceTree = "<group>"; };
		896E778B2A4F526C0057F09E /* URLParameterEncoding.swift */ = {isa = PBXFileReference; fileEncoding = 4; lastKnownFileType = sourcecode.swift; path = URLParameterEncoding.swift; sourceTree = "<group>"; };
		896E778C2A4F526C0057F09E /* JSONParameterEncoder.swift */ = {isa = PBXFileReference; fileEncoding = 4; lastKnownFileType = sourcecode.swift; path = JSONParameterEncoder.swift; sourceTree = "<group>"; };
		896E778D2A4F526C0057F09E /* NetworkLogger.swift */ = {isa = PBXFileReference; fileEncoding = 4; lastKnownFileType = sourcecode.swift; path = NetworkLogger.swift; sourceTree = "<group>"; };
		896E77962A4F58E70057F09E /* MerchantDataManager.swift */ = {isa = PBXFileReference; lastKnownFileType = sourcecode.swift; path = MerchantDataManager.swift; sourceTree = "<group>"; };
		899CE60A2A4F822C00F2F2FA /* MainPresenter.swift */ = {isa = PBXFileReference; lastKnownFileType = sourcecode.swift; path = MainPresenter.swift; sourceTree = "<group>"; };
		899CE60C2A4FA67A00F2F2FA /* AddNewCardPresenter.swift */ = {isa = PBXFileReference; lastKnownFileType = sourcecode.swift; path = AddNewCardPresenter.swift; sourceTree = "<group>"; };
		899CE60E2A4FA71400F2F2FA /* SelectCardListPresenter.swift */ = {isa = PBXFileReference; lastKnownFileType = sourcecode.swift; path = SelectCardListPresenter.swift; sourceTree = "<group>"; };
		899F24092A3FA06800A1AFE8 /* Enums.swift */ = {isa = PBXFileReference; lastKnownFileType = sourcecode.swift; path = Enums.swift; sourceTree = "<group>"; };
		89C0179B2A56E1E70050108A /* TokenizedCardParameters.swift */ = {isa = PBXFileReference; lastKnownFileType = sourcecode.swift; path = TokenizedCardParameters.swift; sourceTree = "<group>"; };
		89C0179E2A56E59A0050108A /* PayByTokenizedCardUseCase.swift */ = {isa = PBXFileReference; lastKnownFileType = sourcecode.swift; path = PayByTokenizedCardUseCase.swift; sourceTree = "<group>"; };
		89C017A52A58E2B80050108A /* PaymentProcessingPresenter.swift */ = {isa = PBXFileReference; lastKnownFileType = sourcecode.swift; path = PaymentProcessingPresenter.swift; sourceTree = "<group>"; };
		89C017A72A58E2DA0050108A /* PaymentApprovedPresenter.swift */ = {isa = PBXFileReference; lastKnownFileType = sourcecode.swift; path = PaymentApprovedPresenter.swift; sourceTree = "<group>"; };
		89C017A92A5A99CB0050108A /* SendTrxnReceiptByEmailUseCase.swift */ = {isa = PBXFileReference; lastKnownFileType = sourcecode.swift; path = SendTrxnReceiptByEmailUseCase.swift; sourceTree = "<group>"; };
		89C017AC2A5A9BCF0050108A /* SendReceiptByEmailParameters.swift */ = {isa = PBXFileReference; lastKnownFileType = sourcecode.swift; path = SendReceiptByEmailParameters.swift; sourceTree = "<group>"; };
		89C017AE2A5A9E000050108A /* SendReceiptByEmailResponse.swift */ = {isa = PBXFileReference; lastKnownFileType = sourcecode.swift; path = SendReceiptByEmailResponse.swift; sourceTree = "<group>"; };
		89C7848C2A309C8F007280F6 /* MainViewController.swift */ = {isa = PBXFileReference; lastKnownFileType = sourcecode.swift; path = MainViewController.swift; sourceTree = "<group>"; };
		89C7848D2A309C8F007280F6 /* MainViewController.xib */ = {isa = PBXFileReference; lastKnownFileType = file.xib; path = MainViewController.xib; sourceTree = "<group>"; };
		89CCC8152A5219370047CE37 /* AddNewCardVC+Extension.swift */ = {isa = PBXFileReference; lastKnownFileType = sourcecode.swift; path = "AddNewCardVC+Extension.swift"; sourceTree = "<group>"; };
		89D4C8452A5B3D830071966E /* ChangeDefaultCardUseCase.swift */ = {isa = PBXFileReference; lastKnownFileType = sourcecode.swift; path = ChangeDefaultCardUseCase.swift; sourceTree = "<group>"; };
		89D4C84A2A5B3E280071966E /* ChangeDefaultTokenParameters.swift */ = {isa = PBXFileReference; lastKnownFileType = sourcecode.swift; path = ChangeDefaultTokenParameters.swift; sourceTree = "<group>"; };
		89D4C84C2A5B3E310071966E /* ChangeDefaultTokenResponse.swift */ = {isa = PBXFileReference; lastKnownFileType = sourcecode.swift; path = ChangeDefaultTokenResponse.swift; sourceTree = "<group>"; };
		89D4C84E2A5B43430071966E /* ManageCardsPresenter.swift */ = {isa = PBXFileReference; lastKnownFileType = sourcecode.swift; path = ManageCardsPresenter.swift; sourceTree = "<group>"; };
		89F7B7682A263A2500E6333A /* Bundle+swizzleLocalization.swift */ = {isa = PBXFileReference; lastKnownFileType = sourcecode.swift; path = "Bundle+swizzleLocalization.swift"; sourceTree = "<group>"; };
		C528E2462166118F00CAFBC4 /* UITextView+Extensions.swift */ = {isa = PBXFileReference; fileEncoding = 4; lastKnownFileType = sourcecode.swift; path = "UITextView+Extensions.swift"; sourceTree = "<group>"; };
		C528E2472166118F00CAFBC4 /* GlobalManager.swift */ = {isa = PBXFileReference; fileEncoding = 4; lastKnownFileType = sourcecode.swift; path = GlobalManager.swift; sourceTree = "<group>"; };
		C528E24B2166118F00CAFBC4 /* AppConstants.swift */ = {isa = PBXFileReference; fileEncoding = 4; lastKnownFileType = sourcecode.swift; path = AppConstants.swift; sourceTree = "<group>"; };
		C528E2532166129000CAFBC4 /* AlertDialogViewController.xib */ = {isa = PBXFileReference; fileEncoding = 4; lastKnownFileType = file.xib; path = AlertDialogViewController.xib; sourceTree = "<group>"; };
		C528E2592166135D00CAFBC4 /* AlertDialogViewController.swift */ = {isa = PBXFileReference; fileEncoding = 4; lastKnownFileType = sourcecode.swift; path = AlertDialogViewController.swift; sourceTree = "<group>"; };
		C528E2602166377700CAFBC4 /* PayButtonBoard.storyboard */ = {isa = PBXFileReference; lastKnownFileType = file.storyboard; path = PayButtonBoard.storyboard; sourceTree = "<group>"; };
		C52CDFEE2327BFAC00E0EC74 /* WebKit.framework */ = {isa = PBXFileReference; lastKnownFileType = wrapper.framework; name = WebKit.framework; path = System/Library/Frameworks/WebKit.framework; sourceTree = SDKROOT; };
		C5A1C9B52210351200D9F663 /* ar */ = {isa = PBXFileReference; lastKnownFileType = text.plist.strings; name = ar; path = ar.lproj/Localizable.strings; sourceTree = "<group>"; };
		C5A1C9B72210351800D9F663 /* en */ = {isa = PBXFileReference; lastKnownFileType = text.plist.strings; name = en; path = en.lproj/Localizable.strings; sourceTree = "<group>"; };
		C5A4164321650280008A93B3 /* PayButton.app */ = {isa = PBXFileReference; explicitFileType = wrapper.application; includeInIndex = 0; path = PayButton.app; sourceTree = BUILT_PRODUCTS_DIR; };
		C5A4164621650280008A93B3 /* AppDelegate.swift */ = {isa = PBXFileReference; lastKnownFileType = sourcecode.swift; path = AppDelegate.swift; sourceTree = "<group>"; };
		C5A4164D21650280008A93B3 /* PayButtonAssets.xcassets */ = {isa = PBXFileReference; lastKnownFileType = folder.assetcatalog; path = PayButtonAssets.xcassets; sourceTree = "<group>"; };
		C5A4165021650280008A93B3 /* Base */ = {isa = PBXFileReference; lastKnownFileType = file.storyboard; name = Base; path = Base.lproj/LaunchScreen.storyboard; sourceTree = "<group>"; };
		C5A4165221650280008A93B3 /* Info.plist */ = {isa = PBXFileReference; lastKnownFileType = text.plist.xml; path = Info.plist; sourceTree = "<group>"; };
		C5B1E7F6220058FF00C09D13 /* Toast.swift */ = {isa = PBXFileReference; fileEncoding = 4; lastKnownFileType = sourcecode.swift; path = Toast.swift; sourceTree = "<group>"; };
		C5B900F3216A404F00301C13 /* PaymentViewController.swift */ = {isa = PBXFileReference; fileEncoding = 4; lastKnownFileType = sourcecode.swift; path = PaymentViewController.swift; sourceTree = "<group>"; };
		C5B900F9216A44A200301C13 /* BasePaymentViewController.swift */ = {isa = PBXFileReference; fileEncoding = 4; lastKnownFileType = sourcecode.swift; path = BasePaymentViewController.swift; sourceTree = "<group>"; };
		C5DB9148216B9CB700C69497 /* PayButton-Bridging-Header.h */ = {isa = PBXFileReference; lastKnownFileType = sourcecode.c.h; path = "PayButton-Bridging-Header.h"; sourceTree = "<group>"; };
		C5F5D81E216655D40090E5FF /* CardScanViewController.swift */ = {isa = PBXFileReference; fileEncoding = 4; lastKnownFileType = sourcecode.swift; path = CardScanViewController.swift; sourceTree = "<group>"; };
		C5FD73F822240168008BD2AE /* CreditCardValidator.swift */ = {isa = PBXFileReference; fileEncoding = 4; lastKnownFileType = sourcecode.swift; path = CreditCardValidator.swift; sourceTree = "<group>"; };
		C5FD73F922240168008BD2AE /* CreditCardValidationType.swift */ = {isa = PBXFileReference; fileEncoding = 4; lastKnownFileType = sourcecode.swift; path = CreditCardValidationType.swift; sourceTree = "<group>"; };
		C5FD7408222405D3008BD2AE /* Mask.swift */ = {isa = PBXFileReference; fileEncoding = 4; lastKnownFileType = sourcecode.swift; path = Mask.swift; sourceTree = "<group>"; };
		C5FD740A222405D3008BD2AE /* Next.swift */ = {isa = PBXFileReference; fileEncoding = 4; lastKnownFileType = sourcecode.swift; path = Next.swift; sourceTree = "<group>"; };
		C5FD740B222405D3008BD2AE /* State.swift */ = {isa = PBXFileReference; fileEncoding = 4; lastKnownFileType = sourcecode.swift; path = State.swift; sourceTree = "<group>"; };
		C5FD740C222405D3008BD2AE /* Notation.swift */ = {isa = PBXFileReference; fileEncoding = 4; lastKnownFileType = sourcecode.swift; path = Notation.swift; sourceTree = "<group>"; };
		C5FD740E222405D3008BD2AE /* ValueState.swift */ = {isa = PBXFileReference; fileEncoding = 4; lastKnownFileType = sourcecode.swift; path = ValueState.swift; sourceTree = "<group>"; };
		C5FD740F222405D3008BD2AE /* EOLState.swift */ = {isa = PBXFileReference; fileEncoding = 4; lastKnownFileType = sourcecode.swift; path = EOLState.swift; sourceTree = "<group>"; };
		C5FD7410222405D3008BD2AE /* FixedState.swift */ = {isa = PBXFileReference; fileEncoding = 4; lastKnownFileType = sourcecode.swift; path = FixedState.swift; sourceTree = "<group>"; };
		C5FD7411222405D3008BD2AE /* OptionalValueState.swift */ = {isa = PBXFileReference; fileEncoding = 4; lastKnownFileType = sourcecode.swift; path = OptionalValueState.swift; sourceTree = "<group>"; };
		C5FD7412222405D3008BD2AE /* FreeState.swift */ = {isa = PBXFileReference; fileEncoding = 4; lastKnownFileType = sourcecode.swift; path = FreeState.swift; sourceTree = "<group>"; };
		C5FD7413222405D3008BD2AE /* CaretString.swift */ = {isa = PBXFileReference; fileEncoding = 4; lastKnownFileType = sourcecode.swift; path = CaretString.swift; sourceTree = "<group>"; };
		C5FD7415222405D3008BD2AE /* MaskedTextViewDelegate.swift */ = {isa = PBXFileReference; fileEncoding = 4; lastKnownFileType = sourcecode.swift; path = MaskedTextViewDelegate.swift; sourceTree = "<group>"; };
		C5FD7416222405D3008BD2AE /* MaskedTextInputListener.swift */ = {isa = PBXFileReference; fileEncoding = 4; lastKnownFileType = sourcecode.swift; path = MaskedTextInputListener.swift; sourceTree = "<group>"; };
		C5FD7417222405D3008BD2AE /* UITextInput.swift */ = {isa = PBXFileReference; fileEncoding = 4; lastKnownFileType = sourcecode.swift; path = UITextInput.swift; sourceTree = "<group>"; };
		C5FD7418222405D3008BD2AE /* UITextField.swift */ = {isa = PBXFileReference; fileEncoding = 4; lastKnownFileType = sourcecode.swift; path = UITextField.swift; sourceTree = "<group>"; };
		C5FD7419222405D3008BD2AE /* ReversedMaskTextFieldDelegate.swift */ = {isa = PBXFileReference; fileEncoding = 4; lastKnownFileType = sourcecode.swift; path = ReversedMaskTextFieldDelegate.swift; sourceTree = "<group>"; };
		C5FD741A222405D3008BD2AE /* MaskedTextFieldDelegate.swift */ = {isa = PBXFileReference; fileEncoding = 4; lastKnownFileType = sourcecode.swift; path = MaskedTextFieldDelegate.swift; sourceTree = "<group>"; };
		C5FD741B222405D3008BD2AE /* UITextView.swift */ = {isa = PBXFileReference; fileEncoding = 4; lastKnownFileType = sourcecode.swift; path = UITextView.swift; sourceTree = "<group>"; };
		C5FD741D222405D3008BD2AE /* CaretStringIterator.swift */ = {isa = PBXFileReference; fileEncoding = 4; lastKnownFileType = sourcecode.swift; path = CaretStringIterator.swift; sourceTree = "<group>"; };
		C5FD741E222405D3008BD2AE /* AffinityCalculationStrategy.swift */ = {isa = PBXFileReference; fileEncoding = 4; lastKnownFileType = sourcecode.swift; path = AffinityCalculationStrategy.swift; sourceTree = "<group>"; };
		C5FD741F222405D3008BD2AE /* Compiler.swift */ = {isa = PBXFileReference; fileEncoding = 4; lastKnownFileType = sourcecode.swift; path = Compiler.swift; sourceTree = "<group>"; };
		C5FD7420222405D3008BD2AE /* FormatSanitizer.swift */ = {isa = PBXFileReference; fileEncoding = 4; lastKnownFileType = sourcecode.swift; path = FormatSanitizer.swift; sourceTree = "<group>"; };
		C5FD7421222405D3008BD2AE /* NSCharacterSet.swift */ = {isa = PBXFileReference; fileEncoding = 4; lastKnownFileType = sourcecode.swift; path = NSCharacterSet.swift; sourceTree = "<group>"; };
		C5FD7422222405D3008BD2AE /* String.swift */ = {isa = PBXFileReference; fileEncoding = 4; lastKnownFileType = sourcecode.swift; path = String.swift; sourceTree = "<group>"; };
		C5FD7423222405D3008BD2AE /* InputMask.h */ = {isa = PBXFileReference; fileEncoding = 4; lastKnownFileType = sourcecode.c.h; path = InputMask.h; sourceTree = "<group>"; };
		C5FD743C222406D8008BD2AE /* UIImageViewExtension.swift */ = {isa = PBXFileReference; fileEncoding = 4; lastKnownFileType = sourcecode.swift; path = UIImageViewExtension.swift; sourceTree = "<group>"; };
		C5FD743D222406D8008BD2AE /* CIImageExtension.swift */ = {isa = PBXFileReference; fileEncoding = 4; lastKnownFileType = sourcecode.swift; path = CIImageExtension.swift; sourceTree = "<group>"; };
		C5FD743E222406D8008BD2AE /* CIColorExtension.swift */ = {isa = PBXFileReference; fileEncoding = 4; lastKnownFileType = sourcecode.swift; path = CIColorExtension.swift; sourceTree = "<group>"; };
		C5FD743F222406D8008BD2AE /* QRCode.swift */ = {isa = PBXFileReference; fileEncoding = 4; lastKnownFileType = sourcecode.swift; path = QRCode.swift; sourceTree = "<group>"; };
		E4E4D9EF46F5EC293057DFD4 /* Pods_PayButton.framework */ = {isa = PBXFileReference; explicitFileType = wrapper.framework; includeInIndex = 0; path = Pods_PayButton.framework; sourceTree = BUILT_PRODUCTS_DIR; };
		FA48AFAE2A4099D10064C8B1 /* ManageCardsVC.swift */ = {isa = PBXFileReference; lastKnownFileType = sourcecode.swift; path = ManageCardsVC.swift; sourceTree = "<group>"; };
		FA48AFAF2A4099D10064C8B1 /* ManageCardsVC.xib */ = {isa = PBXFileReference; lastKnownFileType = file.xib; path = ManageCardsVC.xib; sourceTree = "<group>"; };
		FA48AFB32A40A34A0064C8B1 /* ManageCardsTableHeader.swift */ = {isa = PBXFileReference; lastKnownFileType = sourcecode.swift; path = ManageCardsTableHeader.swift; sourceTree = "<group>"; };
		FA48AFB72A40A3810064C8B1 /* ManageCardsTableHeader.xib */ = {isa = PBXFileReference; lastKnownFileType = file.xib; path = ManageCardsTableHeader.xib; sourceTree = "<group>"; };
		FAAAE5852A3F3828001467A4 /* AddNewCardVC.swift */ = {isa = PBXFileReference; lastKnownFileType = sourcecode.swift; path = AddNewCardVC.swift; sourceTree = "<group>"; };
		FAAAE5862A3F3828001467A4 /* AddNewCardVC.xib */ = {isa = PBXFileReference; lastKnownFileType = file.xib; path = AddNewCardVC.xib; sourceTree = "<group>"; };
		FAAAE5892A40507C001467A4 /* CheckBox.swift */ = {isa = PBXFileReference; lastKnownFileType = sourcecode.swift; path = CheckBox.swift; sourceTree = "<group>"; };
		FAE382F52A406B3B00DFB9AF /* SelectCardListVC.swift */ = {isa = PBXFileReference; lastKnownFileType = sourcecode.swift; path = SelectCardListVC.swift; sourceTree = "<group>"; };
		FAE382F62A406B3B00DFB9AF /* SelectCardListVC.xib */ = {isa = PBXFileReference; lastKnownFileType = file.xib; path = SelectCardListVC.xib; sourceTree = "<group>"; };
		FAE382FA2A406E6700DFB9AF /* CardListTblCell.swift */ = {isa = PBXFileReference; lastKnownFileType = sourcecode.swift; path = CardListTblCell.swift; sourceTree = "<group>"; };
		FAE382FB2A406E6700DFB9AF /* CardListTblCell.xib */ = {isa = PBXFileReference; lastKnownFileType = file.xib; path = CardListTblCell.xib; sourceTree = "<group>"; };
		FAF4800E2A418940005EC676 /* ManageCardsTblCell.swift */ = {isa = PBXFileReference; lastKnownFileType = sourcecode.swift; path = ManageCardsTblCell.swift; sourceTree = "<group>"; };
		FAF4800F2A418940005EC676 /* ManageCardsTblCell.xib */ = {isa = PBXFileReference; lastKnownFileType = file.xib; path = ManageCardsTblCell.xib; sourceTree = "<group>"; };
		FAF480132A41A808005EC676 /* PaymentProcessingVC.swift */ = {isa = PBXFileReference; lastKnownFileType = sourcecode.swift; path = PaymentProcessingVC.swift; sourceTree = "<group>"; };
		FAF480142A41A808005EC676 /* PaymentProcessingVC.xib */ = {isa = PBXFileReference; lastKnownFileType = file.xib; path = PaymentProcessingVC.xib; sourceTree = "<group>"; };
		FAF480182A41B065005EC676 /* PaymentApprovedVC.swift */ = {isa = PBXFileReference; lastKnownFileType = sourcecode.swift; path = PaymentApprovedVC.swift; sourceTree = "<group>"; };
		FAF480192A41B065005EC676 /* PaymentApprovedVC.xib */ = {isa = PBXFileReference; lastKnownFileType = file.xib; path = PaymentApprovedVC.xib; sourceTree = "<group>"; };
/* End PBXFileReference section */

/* Begin PBXFrameworksBuildPhase section */
		C5A416402165027F008A93B3 /* Frameworks */ = {
			isa = PBXFrameworksBuildPhase;
			buildActionMask = 2147483647;
			files = (
				C52CDFEF2327BFAC00E0EC74 /* WebKit.framework in Frameworks */,
				BE78D18F55EE1E187C86D54A /* Pods_PayButton.framework in Frameworks */,
			);
			runOnlyForDeploymentPostprocessing = 0;
		};
/* End PBXFrameworksBuildPhase section */

/* Begin PBXGroup section */
		1ACEE1A58393684F51D11D74 /* Frameworks */ = {
			isa = PBXGroup;
			children = (
				C52CDFEE2327BFAC00E0EC74 /* WebKit.framework */,
				E4E4D9EF46F5EC293057DFD4 /* Pods_PayButton.framework */,
			);
			name = Frameworks;
			sourceTree = "<group>";
		};
		56D5EB78218E2F9E901EE8F4 /* Pods */ = {
			isa = PBXGroup;
			children = (
				3452FBCF1FFA83B60C4AC51D /* Pods-PayButton.debug.xcconfig */,
				138B8F63299DF879D8DA3E8C /* Pods-PayButton.release.xcconfig */,
			);
			path = Pods;
			sourceTree = "<group>";
		};
		890B8B112A238D0C0059DC3F /* Extensions */ = {
			isa = PBXGroup;
			children = (
				890B8B122A238EA90059DC3F /* String+Extensions.swift */,
				890B8B1A2A23A9AB0059DC3F /* UIApplication+Extensions.swift */,
				890B8B242A23B2760059DC3F /* UIButton+Extensions.swift */,
				890B8B1E2A23AE950059DC3F /* UIColor+Extensions.swift */,
				890B8B182A23A97D0059DC3F /* UIFont+Extensions.swift */,
				890B8B162A23A8020059DC3F /* UITextField+Extensions.swift */,
				C528E2462166118F00CAFBC4 /* UITextView+Extensions.swift */,
				890B8B222A23B2380059DC3F /* UIView+Extensions.swift */,
				890B8B1C2A23AA600059DC3F /* UIViewController+Extension.swift */,
				890B8B202A23B1200059DC3F /* URL+Extensions.swift */,
				89F7B7682A263A2500E6333A /* Bundle+swizzleLocalization.swift */,
				890894D62A327BA400F6317E /* Bundle+version.swift */,
			);
			path = Extensions;
			sourceTree = "<group>";
		};
		896E77462A4F52610057F09E /* Domain */ = {
			isa = PBXGroup;
			children = (
				896E77502A4F52610057F09E /* Entities */,
				896E77472A4F52610057F09E /* UseCases */,
			);
			path = Domain;
			sourceTree = "<group>";
		};
		896E77472A4F52610057F09E /* UseCases */ = {
			isa = PBXGroup;
			children = (
				896E774D2A4F52610057F09E /* CheckPaymentMethodUseCase.swift */,
				896E774C2A4F52610057F09E /* GetCustomerSessionUseCase.swift */,
				896E774F2A4F52610057F09E /* GetCustomerCardsUseCase.swift */,
				89C0179E2A56E59A0050108A /* PayByTokenizedCardUseCase.swift */,
				896E77492A4F52610057F09E /* PayByCardUseCase.swift */,
				896E774A2A4F52610057F09E /* CheckTransactionStatusUseCase.swift */,
				89D4C8452A5B3D830071966E /* ChangeDefaultCardUseCase.swift */,
				896E77482A4F52610057F09E /* DeleteSavedCardUseCase.swift */,
				89C017A92A5A99CB0050108A /* SendTrxnReceiptByEmailUseCase.swift */,
			);
			path = UseCases;
			sourceTree = "<group>";
		};
		896E77502A4F52610057F09E /* Entities */ = {
			isa = PBXGroup;
			children = (
				896E775D2A4F52610057F09E /* CheckPaymentMethod */,
				89C0179D2A56E34C0050108A /* GetCustomerCards */,
				896E77582A4F52610057F09E /* PayByCard */,
				896E77512A4F52610057F09E /* CheckTransactionStatus */,
				896E77552A4F52610057F09E /* GetCustomerSession */,
				89D4C8492A5B3E150071966E /* ChangeDefaultToken */,
				896E77672A4F52610057F09E /* DeleteToken */,
				89C017AB2A5A9BB20050108A /* SendReceiptByEmail */,
				896E77602A4F52610057F09E /* MerchantDataModel.swift */,
				896E775C2A4F52610057F09E /* Result.swift */,
			);
			path = Entities;
			sourceTree = "<group>";
		};
		896E77512A4F52610057F09E /* CheckTransactionStatus */ = {
			isa = PBXGroup;
			children = (
				896E77522A4F52610057F09E /* CheckTransactionStatusParameters.swift */,
				896E77532A4F52610057F09E /* CheckTransactionStatusResponse.swift */,
			);
			path = CheckTransactionStatus;
			sourceTree = "<group>";
		};
		896E77552A4F52610057F09E /* GetCustomerSession */ = {
			isa = PBXGroup;
			children = (
				896E77562A4F52610057F09E /* GetCustomerSessionParameters.swift */,
				896E77572A4F52610057F09E /* GetCustomerSessionResponse.swift */,
			);
			path = GetCustomerSession;
			sourceTree = "<group>";
		};
		896E77582A4F52610057F09E /* PayByCard */ = {
			isa = PBXGroup;
			children = (
				89C0179B2A56E1E70050108A /* TokenizedCardParameters.swift */,
				896E775A2A4F52610057F09E /* PayByCardParameters.swift */,
				896E77592A4F52610057F09E /* PayByCardReponse.swift */,
			);
			path = PayByCard;
			sourceTree = "<group>";
		};
		896E775D2A4F52610057F09E /* CheckPaymentMethod */ = {
			isa = PBXGroup;
			children = (
				896E775F2A4F52610057F09E /* PaymentMethodParameters.swift */,
				896E775E2A4F52610057F09E /* PaymentMethodResponse.swift */,
			);
			path = CheckPaymentMethod;
			sourceTree = "<group>";
		};
		896E77672A4F52610057F09E /* DeleteToken */ = {
			isa = PBXGroup;
			children = (
				896E77682A4F52610057F09E /* DeleteTokenParameters.swift */,
				896E77692A4F52610057F09E /* DeleteTokenResponse.swift */,
			);
			path = DeleteToken;
			sourceTree = "<group>";
		};
		896E77842A4F526C0057F09E /* Networking */ = {
			isa = PBXGroup;
			children = (
				896E77892A4F526C0057F09E /* Encoding */,
				896E77862A4F526C0057F09E /* ApiService.swift */,
				896E77872A4F526C0057F09E /* ApiClient.swift */,
				896E77882A4F526C0057F09E /* NetworkManager.swift */,
				896E778D2A4F526C0057F09E /* NetworkLogger.swift */,
				896E77852A4F526C0057F09E /* NetworkRouter.swift */,
			);
			path = Networking;
			sourceTree = "<group>";
		};
		896E77892A4F526C0057F09E /* Encoding */ = {
			isa = PBXGroup;
			children = (
				896E778A2A4F526C0057F09E /* ParameterEncoding.swift */,
				896E778B2A4F526C0057F09E /* URLParameterEncoding.swift */,
				896E778C2A4F526C0057F09E /* JSONParameterEncoder.swift */,
			);
			path = Encoding;
			sourceTree = "<group>";
		};
		89C0179D2A56E34C0050108A /* GetCustomerCards */ = {
			isa = PBXGroup;
			children = (
				896E77542A4F52610057F09E /* GetCustomerTokenParameters.swift */,
				896E775B2A4F52610057F09E /* GetCustomerCardsResponse.swift */,
			);
			path = GetCustomerCards;
			sourceTree = "<group>";
		};
		89C017AB2A5A9BB20050108A /* SendReceiptByEmail */ = {
			isa = PBXGroup;
			children = (
				89C017AC2A5A9BCF0050108A /* SendReceiptByEmailParameters.swift */,
				89C017AE2A5A9E000050108A /* SendReceiptByEmailResponse.swift */,
			);
			path = SendReceiptByEmail;
			sourceTree = "<group>";
		};
		89C7848A2A309C67007280F6 /* Scenes */ = {
			isa = PBXGroup;
			children = (
				89C7848B2A309C81007280F6 /* Main */,
				FAAAE5832A3F34F6001467A4 /* Shared */,
			);
			path = Scenes;
			sourceTree = "<group>";
		};
		89C7848B2A309C81007280F6 /* Main */ = {
			isa = PBXGroup;
			children = (
				C5B900F3216A404F00301C13 /* PaymentViewController.swift */,
				899CE60A2A4F822C00F2F2FA /* MainPresenter.swift */,
				89C7848C2A309C8F007280F6 /* MainViewController.swift */,
				89C7848D2A309C8F007280F6 /* MainViewController.xib */,
			);
			path = Main;
			sourceTree = "<group>";
		};
		89D4C8492A5B3E150071966E /* ChangeDefaultToken */ = {
			isa = PBXGroup;
			children = (
				89D4C84A2A5B3E280071966E /* ChangeDefaultTokenParameters.swift */,
				89D4C84C2A5B3E310071966E /* ChangeDefaultTokenResponse.swift */,
			);
			path = ChangeDefaultToken;
			sourceTree = "<group>";
		};
		C528E2452166118F00CAFBC4 /* Utilties */ = {
			isa = PBXGroup;
			children = (
				C528E24B2166118F00CAFBC4 /* AppConstants.swift */,
				899F24092A3FA06800A1AFE8 /* Enums.swift */,
				FAAAE5892A40507C001467A4 /* CheckBox.swift */,
				896E77962A4F58E70057F09E /* MerchantDataManager.swift */,
				C528E2472166118F00CAFBC4 /* GlobalManager.swift */,
				890B8B142A239B190059DC3F /* HMACAlgorithm.swift */,
				C5B1E7F6220058FF00C09D13 /* Toast.swift */,
				890B8B262A24CE790059DC3F /* FormattedDate.swift */,
			);
			path = Utilties;
			sourceTree = "<group>";
		};
		C528E2522166129000CAFBC4 /* Storyboards */ = {
			isa = PBXGroup;
			children = (
				C5A4164F21650280008A93B3 /* LaunchScreen.storyboard */,
				C528E2602166377700CAFBC4 /* PayButtonBoard.storyboard */,
			);
			path = Storyboards;
			sourceTree = "<group>";
		};
		C528E25B216621B600CAFBC4 /* Resources */ = {
			isa = PBXGroup;
			children = (
				C5A1C9B42210351200D9F663 /* Localizable.strings */,
			);
			path = Resources;
			sourceTree = "<group>";
		};
		C5A4163A2165027F008A93B3 = {
			isa = PBXGroup;
			children = (
				C5A4164521650280008A93B3 /* PayButton */,
				C5A4164421650280008A93B3 /* Products */,
				1ACEE1A58393684F51D11D74 /* Frameworks */,
				56D5EB78218E2F9E901EE8F4 /* Pods */,
			);
			sourceTree = "<group>";
		};
		C5A4164421650280008A93B3 /* Products */ = {
			isa = PBXGroup;
			children = (
				C5A4164321650280008A93B3 /* PayButton.app */,
			);
			name = Products;
			sourceTree = "<group>";
		};
		C5A4164521650280008A93B3 /* PayButton */ = {
			isa = PBXGroup;
			children = (
				C5A4164D21650280008A93B3 /* PayButtonAssets.xcassets */,
				C5A4164621650280008A93B3 /* AppDelegate.swift */,
				896E77842A4F526C0057F09E /* Networking */,
				896E77462A4F52610057F09E /* Domain */,
				89C7848A2A309C67007280F6 /* Scenes */,
				C5B1E7F52200588300C09D13 /* Other */,
				C528E2522166129000CAFBC4 /* Storyboards */,
				C5B900F221691CBA00301C13 /* Dialogs */,
				C528E25B216621B600CAFBC4 /* Resources */,
				C5A4165221650280008A93B3 /* Info.plist */,
				C5DB9148216B9CB700C69497 /* PayButton-Bridging-Header.h */,
			);
			path = PayButton;
			sourceTree = "<group>";
		};
		C5B1E7F52200588300C09D13 /* Other */ = {
			isa = PBXGroup;
			children = (
				C5B900F9216A44A200301C13 /* BasePaymentViewController.swift */,
				C5F5D81E216655D40090E5FF /* CardScanViewController.swift */,
				C528E2452166118F00CAFBC4 /* Utilties */,
				890B8B112A238D0C0059DC3F /* Extensions */,
				C5FD743B222406D8008BD2AE /* QRCode */,
				C5FD7405222405D3008BD2AE /* InputMask */,
				C5FD73F722240168008BD2AE /* CreditCard */,
			);
			path = Other;
			sourceTree = "<group>";
		};
		C5B900F221691CBA00301C13 /* Dialogs */ = {
			isa = PBXGroup;
			children = (
				C528E2592166135D00CAFBC4 /* AlertDialogViewController.swift */,
				C528E2532166129000CAFBC4 /* AlertDialogViewController.xib */,
			);
			path = Dialogs;
			sourceTree = "<group>";
		};
		C5FD73F722240168008BD2AE /* CreditCard */ = {
			isa = PBXGroup;
			children = (
				C5FD73F822240168008BD2AE /* CreditCardValidator.swift */,
				C5FD73F922240168008BD2AE /* CreditCardValidationType.swift */,
			);
			path = CreditCard;
			sourceTree = "<group>";
		};
		C5FD7405222405D3008BD2AE /* InputMask */ = {
			isa = PBXGroup;
			children = (
				C5FD7407222405D3008BD2AE /* Classes */,
			);
			path = InputMask;
			sourceTree = "<group>";
		};
		C5FD7407222405D3008BD2AE /* Classes */ = {
			isa = PBXGroup;
			children = (
				C5FD7408222405D3008BD2AE /* Mask.swift */,
				C5FD7409222405D3008BD2AE /* Model */,
				C5FD7414222405D3008BD2AE /* View */,
				C5FD741C222405D3008BD2AE /* Helper */,
				C5FD7423222405D3008BD2AE /* InputMask.h */,
			);
			path = Classes;
			sourceTree = "<group>";
		};
		C5FD7409222405D3008BD2AE /* Model */ = {
			isa = PBXGroup;
			children = (
				C5FD740A222405D3008BD2AE /* Next.swift */,
				C5FD740B222405D3008BD2AE /* State.swift */,
				C5FD740C222405D3008BD2AE /* Notation.swift */,
				C5FD740D222405D3008BD2AE /* State */,
				C5FD7413222405D3008BD2AE /* CaretString.swift */,
			);
			path = Model;
			sourceTree = "<group>";
		};
		C5FD740D222405D3008BD2AE /* State */ = {
			isa = PBXGroup;
			children = (
				C5FD740E222405D3008BD2AE /* ValueState.swift */,
				C5FD740F222405D3008BD2AE /* EOLState.swift */,
				C5FD7410222405D3008BD2AE /* FixedState.swift */,
				C5FD7411222405D3008BD2AE /* OptionalValueState.swift */,
				C5FD7412222405D3008BD2AE /* FreeState.swift */,
			);
			path = State;
			sourceTree = "<group>";
		};
		C5FD7414222405D3008BD2AE /* View */ = {
			isa = PBXGroup;
			children = (
				C5FD7415222405D3008BD2AE /* MaskedTextViewDelegate.swift */,
				C5FD7416222405D3008BD2AE /* MaskedTextInputListener.swift */,
				C5FD7417222405D3008BD2AE /* UITextInput.swift */,
				C5FD7418222405D3008BD2AE /* UITextField.swift */,
				C5FD7419222405D3008BD2AE /* ReversedMaskTextFieldDelegate.swift */,
				C5FD741A222405D3008BD2AE /* MaskedTextFieldDelegate.swift */,
				C5FD741B222405D3008BD2AE /* UITextView.swift */,
			);
			path = View;
			sourceTree = "<group>";
		};
		C5FD741C222405D3008BD2AE /* Helper */ = {
			isa = PBXGroup;
			children = (
				C5FD741D222405D3008BD2AE /* CaretStringIterator.swift */,
				C5FD741E222405D3008BD2AE /* AffinityCalculationStrategy.swift */,
				C5FD741F222405D3008BD2AE /* Compiler.swift */,
				C5FD7420222405D3008BD2AE /* FormatSanitizer.swift */,
				C5FD7421222405D3008BD2AE /* NSCharacterSet.swift */,
				C5FD7422222405D3008BD2AE /* String.swift */,
			);
			path = Helper;
			sourceTree = "<group>";
		};
		C5FD743B222406D8008BD2AE /* QRCode */ = {
			isa = PBXGroup;
			children = (
				C5FD743C222406D8008BD2AE /* UIImageViewExtension.swift */,
				C5FD743D222406D8008BD2AE /* CIImageExtension.swift */,
				C5FD743E222406D8008BD2AE /* CIColorExtension.swift */,
				C5FD743F222406D8008BD2AE /* QRCode.swift */,
			);
			path = QRCode;
			sourceTree = "<group>";
		};
		FA48AFAD2A40996C0064C8B1 /* ManageCards */ = {
			isa = PBXGroup;
			children = (
				89D4C84E2A5B43430071966E /* ManageCardsPresenter.swift */,
				FA48AFAE2A4099D10064C8B1 /* ManageCardsVC.swift */,
				FA48AFAF2A4099D10064C8B1 /* ManageCardsVC.xib */,
				FA48AFB22A40A2850064C8B1 /* TableHeader */,
				FAF4800D2A41890B005EC676 /* ManageCardsTblCell */,
			);
			path = ManageCards;
			sourceTree = "<group>";
		};
		FA48AFB22A40A2850064C8B1 /* TableHeader */ = {
			isa = PBXGroup;
			children = (
				FA48AFB32A40A34A0064C8B1 /* ManageCardsTableHeader.swift */,
				FA48AFB72A40A3810064C8B1 /* ManageCardsTableHeader.xib */,
			);
			path = TableHeader;
			sourceTree = "<group>";
		};
		FAAAE5832A3F34F6001467A4 /* Shared */ = {
			isa = PBXGroup;
			children = (
				FAAAE5842A3F37CC001467A4 /* AddNewCardData */,
				FAF480122A41A7D1005EC676 /* PaymentProcessing */,
				FAF480172A41AFDB005EC676 /* PaymentApproved */,
				FAE382F42A40690800DFB9AF /* SelectCardList */,
				FA48AFAD2A40996C0064C8B1 /* ManageCards */,
			);
			path = Shared;
			sourceTree = "<group>";
		};
		FAAAE5842A3F37CC001467A4 /* AddNewCardData */ = {
			isa = PBXGroup;
			children = (
				899CE60C2A4FA67A00F2F2FA /* AddNewCardPresenter.swift */,
				FAAAE5852A3F3828001467A4 /* AddNewCardVC.swift */,
				FAAAE5862A3F3828001467A4 /* AddNewCardVC.xib */,
				89CCC8152A5219370047CE37 /* AddNewCardVC+Extension.swift */,
			);
			path = AddNewCardData;
			sourceTree = "<group>";
		};
		FAE382F42A40690800DFB9AF /* SelectCardList */ = {
			isa = PBXGroup;
			children = (
				899CE60E2A4FA71400F2F2FA /* SelectCardListPresenter.swift */,
				FAE382F52A406B3B00DFB9AF /* SelectCardListVC.swift */,
				FAE382F62A406B3B00DFB9AF /* SelectCardListVC.xib */,
				FAE382F92A406E0F00DFB9AF /* CardListCell */,
			);
			path = SelectCardList;
			sourceTree = "<group>";
		};
		FAE382F92A406E0F00DFB9AF /* CardListCell */ = {
			isa = PBXGroup;
			children = (
				FAE382FA2A406E6700DFB9AF /* CardListTblCell.swift */,
				FAE382FB2A406E6700DFB9AF /* CardListTblCell.xib */,
			);
			path = CardListCell;
			sourceTree = "<group>";
		};
		FAF4800D2A41890B005EC676 /* ManageCardsTblCell */ = {
			isa = PBXGroup;
			children = (
				FAF4800E2A418940005EC676 /* ManageCardsTblCell.swift */,
				FAF4800F2A418940005EC676 /* ManageCardsTblCell.xib */,
			);
			path = ManageCardsTblCell;
			sourceTree = "<group>";
		};
		FAF480122A41A7D1005EC676 /* PaymentProcessing */ = {
			isa = PBXGroup;
			children = (
				89C017A52A58E2B80050108A /* PaymentProcessingPresenter.swift */,
				FAF480132A41A808005EC676 /* PaymentProcessingVC.swift */,
				FAF480142A41A808005EC676 /* PaymentProcessingVC.xib */,
			);
			path = PaymentProcessing;
			sourceTree = "<group>";
		};
		FAF480172A41AFDB005EC676 /* PaymentApproved */ = {
			isa = PBXGroup;
			children = (
				89C017A72A58E2DA0050108A /* PaymentApprovedPresenter.swift */,
				FAF480182A41B065005EC676 /* PaymentApprovedVC.swift */,
				FAF480192A41B065005EC676 /* PaymentApprovedVC.xib */,
			);
			path = PaymentApproved;
			sourceTree = "<group>";
		};
/* End PBXGroup section */

/* Begin PBXNativeTarget section */
		C5A416422165027F008A93B3 /* PayButton */ = {
			isa = PBXNativeTarget;
			buildConfigurationList = C5A4165521650280008A93B3 /* Build configuration list for PBXNativeTarget "PayButton" */;
			buildPhases = (
				5E817AD9C67A7114E6683605 /* [CP] Check Pods Manifest.lock */,
				C5A4163F2165027F008A93B3 /* Sources */,
				C5A416402165027F008A93B3 /* Frameworks */,
				C5A416412165027F008A93B3 /* Resources */,
				71CA9C8A36939864F274BBA2 /* [CP] Embed Pods Frameworks */,
			);
			buildRules = (
			);
			dependencies = (
			);
			name = PayButton;
			productName = PayButton;
			productReference = C5A4164321650280008A93B3 /* PayButton.app */;
			productType = "com.apple.product-type.application";
		};
/* End PBXNativeTarget section */

/* Begin PBXProject section */
		C5A4163B2165027F008A93B3 /* Project object */ = {
			isa = PBXProject;
			attributes = {
				BuildIndependentTargetsInParallel = YES;
				LastSwiftUpdateCheck = 0940;
				LastUpgradeCheck = 1430;
				ORGANIZATIONNAME = PaySky;
				TargetAttributes = {
					C5A416422165027F008A93B3 = {
						CreatedOnToolsVersion = 9.4.1;
						LastSwiftMigration = 1020;
					};
				};
			};
			buildConfigurationList = C5A4163E2165027F008A93B3 /* Build configuration list for PBXProject "PayButton" */;
			compatibilityVersion = "Xcode 14.0";
			developmentRegion = en;
			hasScannedForEncodings = 0;
			knownRegions = (
				en,
				Base,
				ar,
			);
			mainGroup = C5A4163A2165027F008A93B3;
			productRefGroup = C5A4164421650280008A93B3 /* Products */;
			projectDirPath = "";
			projectRoot = "";
			targets = (
				C5A416422165027F008A93B3 /* PayButton */,
			);
		};
/* End PBXProject section */

/* Begin PBXResourcesBuildPhase section */
		C5A416412165027F008A93B3 /* Resources */ = {
			isa = PBXResourcesBuildPhase;
			buildActionMask = 2147483647;
			files = (
				FAF480112A418940005EC676 /* ManageCardsTblCell.xib in Resources */,
				FAF480162A41A808005EC676 /* PaymentProcessingVC.xib in Resources */,
				C528E2612166377700CAFBC4 /* PayButtonBoard.storyboard in Resources */,
				FAF4801B2A41B065005EC676 /* PaymentApprovedVC.xib in Resources */,
				89C7848F2A309C8F007280F6 /* MainViewController.xib in Resources */,
				FA48AFB82A40A3810064C8B1 /* ManageCardsTableHeader.xib in Resources */,
				C5A4165121650280008A93B3 /* LaunchScreen.storyboard in Resources */,
				C5A1C9B62210351200D9F663 /* Localizable.strings in Resources */,
				C528E2542166129000CAFBC4 /* AlertDialogViewController.xib in Resources */,
				C5A4164E21650280008A93B3 /* PayButtonAssets.xcassets in Resources */,
				FAE382F82A406B3B00DFB9AF /* SelectCardListVC.xib in Resources */,
				FA48AFB12A4099D10064C8B1 /* ManageCardsVC.xib in Resources */,
				FAE382FD2A406E6700DFB9AF /* CardListTblCell.xib in Resources */,
				FAAAE5882A3F3828001467A4 /* AddNewCardVC.xib in Resources */,
			);
			runOnlyForDeploymentPostprocessing = 0;
		};
/* End PBXResourcesBuildPhase section */

/* Begin PBXShellScriptBuildPhase section */
		5E817AD9C67A7114E6683605 /* [CP] Check Pods Manifest.lock */ = {
			isa = PBXShellScriptBuildPhase;
			buildActionMask = 2147483647;
			files = (
			);
			inputFileListPaths = (
			);
			inputPaths = (
				"${PODS_PODFILE_DIR_PATH}/Podfile.lock",
				"${PODS_ROOT}/Manifest.lock",
			);
			name = "[CP] Check Pods Manifest.lock";
			outputFileListPaths = (
			);
			outputPaths = (
				"$(DERIVED_FILE_DIR)/Pods-PayButton-checkManifestLockResult.txt",
			);
			runOnlyForDeploymentPostprocessing = 0;
			shellPath = /bin/sh;
			shellScript = "diff \"${PODS_PODFILE_DIR_PATH}/Podfile.lock\" \"${PODS_ROOT}/Manifest.lock\" > /dev/null\nif [ $? != 0 ] ; then\n    # print error to STDERR\n    echo \"error: The sandbox is not in sync with the Podfile.lock. Run 'pod install' or update your CocoaPods installation.\" >&2\n    exit 1\nfi\n# This output is used by Xcode 'outputs' to avoid re-running this script phase.\necho \"SUCCESS\" > \"${SCRIPT_OUTPUT_FILE_0}\"\n";
			showEnvVarsInLog = 0;
		};
		71CA9C8A36939864F274BBA2 /* [CP] Embed Pods Frameworks */ = {
			isa = PBXShellScriptBuildPhase;
			buildActionMask = 2147483647;
			files = (
			);
			inputFileListPaths = (
				"${PODS_ROOT}/Target Support Files/Pods-PayButton/Pods-PayButton-frameworks-${CONFIGURATION}-input-files.xcfilelist",
			);
			name = "[CP] Embed Pods Frameworks";
			outputFileListPaths = (
				"${PODS_ROOT}/Target Support Files/Pods-PayButton/Pods-PayButton-frameworks-${CONFIGURATION}-output-files.xcfilelist",
			);
			runOnlyForDeploymentPostprocessing = 0;
			shellPath = /bin/sh;
			shellScript = "\"${PODS_ROOT}/Target Support Files/Pods-PayButton/Pods-PayButton-frameworks.sh\"\n";
			showEnvVarsInLog = 0;
		};
/* End PBXShellScriptBuildPhase section */

/* Begin PBXSourcesBuildPhase section */
		C5A4163F2165027F008A93B3 /* Sources */ = {
			isa = PBXSourcesBuildPhase;
			buildActionMask = 2147483647;
			files = (
				896E776A2A4F52620057F09E /* DeleteSavedCardUseCase.swift in Sources */,
				890B8B1B2A23A9AB0059DC3F /* UIApplication+Extensions.swift in Sources */,
				89C017AD2A5A9BCF0050108A /* SendReceiptByEmailParameters.swift in Sources */,
				C5FD743A222405D3008BD2AE /* String.swift in Sources */,
				896E77832A4F52620057F09E /* DeleteTokenResponse.swift in Sources */,
				890894D72A327BA400F6317E /* Bundle+version.swift in Sources */,
				896E77902A4F526C0057F09E /* ApiClient.swift in Sources */,
				C5FD7433222405D3008BD2AE /* MaskedTextFieldDelegate.swift in Sources */,
				FA48AFB42A40A34A0064C8B1 /* ManageCardsTableHeader.swift in Sources */,
				896E777B2A4F52620057F09E /* PaymentMethodResponse.swift in Sources */,
				89D4C8462A5B3D830071966E /* ChangeDefaultCardUseCase.swift in Sources */,
				FAF480102A418940005EC676 /* ManageCardsTblCell.swift in Sources */,
				896E777C2A4F52620057F09E /* PaymentMethodParameters.swift in Sources */,
				C5FD7434222405D3008BD2AE /* UITextView.swift in Sources */,
				896E777A2A4F52620057F09E /* Result.swift in Sources */,
				89C017AF2A5A9E010050108A /* SendReceiptByEmailResponse.swift in Sources */,
				896E777D2A4F52620057F09E /* MerchantDataModel.swift in Sources */,
				C5FD7436222405D3008BD2AE /* AffinityCalculationStrategy.swift in Sources */,
				C5FD7426222405D3008BD2AE /* State.swift in Sources */,
				890B8B252A23B2760059DC3F /* UIButton+Extensions.swift in Sources */,
				C5F5D81F216655D40090E5FF /* CardScanViewController.swift in Sources */,
				89C0179F2A56E59A0050108A /* PayByTokenizedCardUseCase.swift in Sources */,
				896E77752A4F52620057F09E /* GetCustomerSessionParameters.swift in Sources */,
				C5FD742F222405D3008BD2AE /* MaskedTextInputListener.swift in Sources */,
				896E77792A4F52620057F09E /* GetCustomerCardsResponse.swift in Sources */,
				C5FD742B222405D3008BD2AE /* OptionalValueState.swift in Sources */,
				89C017A62A58E2B80050108A /* PaymentProcessingPresenter.swift in Sources */,
				C5FD7424222405D3008BD2AE /* Mask.swift in Sources */,
				FAF480152A41A808005EC676 /* PaymentProcessingVC.swift in Sources */,
				FA48AFB02A4099D10064C8B1 /* ManageCardsVC.swift in Sources */,
				896E778E2A4F526C0057F09E /* NetworkRouter.swift in Sources */,
				896E776B2A4F52620057F09E /* PayByCardUseCase.swift in Sources */,
				C5FD7428222405D3008BD2AE /* ValueState.swift in Sources */,
				896E77932A4F526C0057F09E /* URLParameterEncoding.swift in Sources */,
				899CE60D2A4FA67A00F2F2FA /* AddNewCardPresenter.swift in Sources */,
				C5FD742C222405D3008BD2AE /* FreeState.swift in Sources */,
				896E778F2A4F526C0057F09E /* ApiService.swift in Sources */,
				FAE382FC2A406E6700DFB9AF /* CardListTblCell.swift in Sources */,
				C5FD7425222405D3008BD2AE /* Next.swift in Sources */,
				89C7848E2A309C8F007280F6 /* MainViewController.swift in Sources */,
				89C0179C2A56E1E70050108A /* TokenizedCardParameters.swift in Sources */,
				89D4C84B2A5B3E280071966E /* ChangeDefaultTokenParameters.swift in Sources */,
				89CCC8162A5219370047CE37 /* AddNewCardVC+Extension.swift in Sources */,
				89D4C84F2A5B43430071966E /* ManageCardsPresenter.swift in Sources */,
				C528E24D2166118F00CAFBC4 /* GlobalManager.swift in Sources */,
				C5B900F4216A404F00301C13 /* PaymentViewController.swift in Sources */,
				C5FD7427222405D3008BD2AE /* Notation.swift in Sources */,
				896E77952A4F526C0057F09E /* NetworkLogger.swift in Sources */,
				896E776F2A4F52620057F09E /* CheckPaymentMethodUseCase.swift in Sources */,
				C5FD742E222405D3008BD2AE /* MaskedTextViewDelegate.swift in Sources */,
				896E776E2A4F52620057F09E /* GetCustomerSessionUseCase.swift in Sources */,
				890B8B1D2A23AA600059DC3F /* UIViewController+Extension.swift in Sources */,
				C5FD7437222405D3008BD2AE /* Compiler.swift in Sources */,
				C528E25A2166135D00CAFBC4 /* AlertDialogViewController.swift in Sources */,
				896E77772A4F52620057F09E /* PayByCardReponse.swift in Sources */,
				896E77762A4F52620057F09E /* GetCustomerSessionResponse.swift in Sources */,
				FAAAE58A2A40507C001467A4 /* CheckBox.swift in Sources */,
				C5FD73FA22240168008BD2AE /* CreditCardValidator.swift in Sources */,
				890B8B132A238EA90059DC3F /* String+Extensions.swift in Sources */,
				890B8B272A24CE790059DC3F /* FormattedDate.swift in Sources */,
				896E77822A4F52620057F09E /* DeleteTokenParameters.swift in Sources */,
				C5B1E7F7220058FF00C09D13 /* Toast.swift in Sources */,
				C5B900FA216A44A200301C13 /* BasePaymentViewController.swift in Sources */,
				890B8B172A23A8020059DC3F /* UITextField+Extensions.swift in Sources */,
				C5FD7432222405D3008BD2AE /* ReversedMaskTextFieldDelegate.swift in Sources */,
				C5FD7429222405D3008BD2AE /* EOLState.swift in Sources */,
				896E77972A4F58E70057F09E /* MerchantDataManager.swift in Sources */,
				890B8B1F2A23AE950059DC3F /* UIColor+Extensions.swift in Sources */,
				890B8B232A23B2380059DC3F /* UIView+Extensions.swift in Sources */,
				C5FD742A222405D3008BD2AE /* FixedState.swift in Sources */,
				896E77722A4F52620057F09E /* CheckTransactionStatusParameters.swift in Sources */,
				890B8B212A23B1200059DC3F /* URL+Extensions.swift in Sources */,
				896E77942A4F526C0057F09E /* JSONParameterEncoder.swift in Sources */,
				896E77712A4F52620057F09E /* GetCustomerCardsUseCase.swift in Sources */,
				89D4C84D2A5B3E310071966E /* ChangeDefaultTokenResponse.swift in Sources */,
				C5FD7430222405D3008BD2AE /* UITextInput.swift in Sources */,
				896E77912A4F526C0057F09E /* NetworkManager.swift in Sources */,
				896E77742A4F52620057F09E /* GetCustomerTokenParameters.swift in Sources */,
				C5A4164721650280008A93B3 /* AppDelegate.swift in Sources */,
				C5FD7442222406D8008BD2AE /* CIColorExtension.swift in Sources */,
				C5FD7431222405D3008BD2AE /* UITextField.swift in Sources */,
				C5FD7439222405D3008BD2AE /* NSCharacterSet.swift in Sources */,
				C5FD7438222405D3008BD2AE /* FormatSanitizer.swift in Sources */,
				899CE60F2A4FA71400F2F2FA /* SelectCardListPresenter.swift in Sources */,
				FAF4801A2A41B065005EC676 /* PaymentApprovedVC.swift in Sources */,
				C5FD7440222406D8008BD2AE /* UIImageViewExtension.swift in Sources */,
				FAE382F72A406B3B00DFB9AF /* SelectCardListVC.swift in Sources */,
				896E77732A4F52620057F09E /* CheckTransactionStatusResponse.swift in Sources */,
				896E77782A4F52620057F09E /* PayByCardParameters.swift in Sources */,
				899F240A2A3FA06800A1AFE8 /* Enums.swift in Sources */,
				C5FD7443222406D8008BD2AE /* QRCode.swift in Sources */,
				C528E24C2166118F00CAFBC4 /* UITextView+Extensions.swift in Sources */,
				890B8B192A23A97D0059DC3F /* UIFont+Extensions.swift in Sources */,
				89C017A82A58E2DA0050108A /* PaymentApprovedPresenter.swift in Sources */,
				FAAAE5872A3F3828001467A4 /* AddNewCardVC.swift in Sources */,
				C5FD7435222405D3008BD2AE /* CaretStringIterator.swift in Sources */,
				896E77922A4F526C0057F09E /* ParameterEncoding.swift in Sources */,
				C5FD7441222406D8008BD2AE /* CIImageExtension.swift in Sources */,
				899CE60B2A4F822C00F2F2FA /* MainPresenter.swift in Sources */,
				89F7B7692A263A2500E6333A /* Bundle+swizzleLocalization.swift in Sources */,
				890B8B152A239B190059DC3F /* HMACAlgorithm.swift in Sources */,
				C5FD742D222405D3008BD2AE /* CaretString.swift in Sources */,
				896E776C2A4F52620057F09E /* CheckTransactionStatusUseCase.swift in Sources */,
				C5FD73FB22240168008BD2AE /* CreditCardValidationType.swift in Sources */,
				C528E2512166118F00CAFBC4 /* AppConstants.swift in Sources */,
				89C017AA2A5A99CB0050108A /* SendTrxnReceiptByEmailUseCase.swift in Sources */,
			);
			runOnlyForDeploymentPostprocessing = 0;
		};
/* End PBXSourcesBuildPhase section */

/* Begin PBXVariantGroup section */
		C5A1C9B42210351200D9F663 /* Localizable.strings */ = {
			isa = PBXVariantGroup;
			children = (
				C5A1C9B52210351200D9F663 /* ar */,
				C5A1C9B72210351800D9F663 /* en */,
			);
			name = Localizable.strings;
			sourceTree = "<group>";
		};
		C5A4164F21650280008A93B3 /* LaunchScreen.storyboard */ = {
			isa = PBXVariantGroup;
			children = (
				C5A4165021650280008A93B3 /* Base */,
			);
			name = LaunchScreen.storyboard;
			sourceTree = "<group>";
		};
/* End PBXVariantGroup section */

/* Begin XCBuildConfiguration section */
		C5A4165321650280008A93B3 /* Debug */ = {
			isa = XCBuildConfiguration;
			buildSettings = {
				ALWAYS_SEARCH_USER_PATHS = NO;
				ARCHS = "$(ARCHS_STANDARD)";
				CLANG_ANALYZER_LOCALIZABILITY_NONLOCALIZED = YES;
				CLANG_ANALYZER_NONNULL = YES;
				CLANG_ANALYZER_NUMBER_OBJECT_CONVERSION = YES_AGGRESSIVE;
				CLANG_CXX_LANGUAGE_STANDARD = "gnu++14";
				CLANG_CXX_LIBRARY = "libc++";
				CLANG_ENABLE_MODULES = YES;
				CLANG_ENABLE_OBJC_ARC = YES;
				CLANG_ENABLE_OBJC_WEAK = YES;
				CLANG_WARN_BLOCK_CAPTURE_AUTORELEASING = YES;
				CLANG_WARN_BOOL_CONVERSION = YES;
				CLANG_WARN_COMMA = YES;
				CLANG_WARN_CONSTANT_CONVERSION = YES;
				CLANG_WARN_DEPRECATED_OBJC_IMPLEMENTATIONS = YES;
				CLANG_WARN_DIRECT_OBJC_ISA_USAGE = YES_ERROR;
				CLANG_WARN_DOCUMENTATION_COMMENTS = YES;
				CLANG_WARN_EMPTY_BODY = YES;
				CLANG_WARN_ENUM_CONVERSION = YES;
				CLANG_WARN_INFINITE_RECURSION = YES;
				CLANG_WARN_INT_CONVERSION = YES;
				CLANG_WARN_NON_LITERAL_NULL_CONVERSION = YES;
				CLANG_WARN_OBJC_IMPLICIT_RETAIN_SELF = YES;
				CLANG_WARN_OBJC_LITERAL_CONVERSION = YES;
				CLANG_WARN_OBJC_ROOT_CLASS = YES_ERROR;
				CLANG_WARN_QUOTED_INCLUDE_IN_FRAMEWORK_HEADER = YES;
				CLANG_WARN_RANGE_LOOP_ANALYSIS = YES;
				CLANG_WARN_STRICT_PROTOTYPES = YES;
				CLANG_WARN_SUSPICIOUS_MOVE = YES;
				CLANG_WARN_UNGUARDED_AVAILABILITY = YES_AGGRESSIVE;
				CLANG_WARN_UNREACHABLE_CODE = YES;
				CLANG_WARN__DUPLICATE_METHOD_MATCH = YES;
				CODE_SIGN_IDENTITY = "iPhone Developer";
				COPY_PHASE_STRIP = NO;
				DEBUG_INFORMATION_FORMAT = dwarf;
				ENABLE_ON_DEMAND_RESOURCES = NO;
				ENABLE_STRICT_OBJC_MSGSEND = YES;
				ENABLE_TESTABILITY = YES;
				EXCLUDED_ARCHS = arm64;
				"EXCLUDED_ARCHS[sdk=iphonesimulator*]" = arm64;
				GCC_C_LANGUAGE_STANDARD = gnu11;
				GCC_DYNAMIC_NO_PIC = NO;
				GCC_NO_COMMON_BLOCKS = YES;
				GCC_OPTIMIZATION_LEVEL = 0;
				GCC_PREPROCESSOR_DEFINITIONS = (
					"DEBUG=1",
					"$(inherited)",
				);
				GCC_WARN_64_TO_32_BIT_CONVERSION = YES;
				GCC_WARN_ABOUT_RETURN_TYPE = YES_ERROR;
				GCC_WARN_UNDECLARED_SELECTOR = YES;
				GCC_WARN_UNINITIALIZED_AUTOS = YES_AGGRESSIVE;
				GCC_WARN_UNUSED_FUNCTION = YES;
				GCC_WARN_UNUSED_VARIABLE = YES;
				IPHONEOS_DEPLOYMENT_TARGET = 14.0;
				MTL_ENABLE_DEBUG_INFO = YES;
				ONLY_ACTIVE_ARCH = YES;
				SDKROOT = iphoneos;
				SWIFT_ACTIVE_COMPILATION_CONDITIONS = DEBUG;
				SWIFT_OBJC_BRIDGING_HEADER = "PayButton/PayButton-Bridging-Header.h";
				SWIFT_OPTIMIZATION_LEVEL = "-Onone";
			};
			name = Debug;
		};
		C5A4165421650280008A93B3 /* Release */ = {
			isa = XCBuildConfiguration;
			buildSettings = {
				ALWAYS_SEARCH_USER_PATHS = NO;
				ARCHS = "$(ARCHS_STANDARD)";
				CLANG_ANALYZER_LOCALIZABILITY_NONLOCALIZED = YES;
				CLANG_ANALYZER_NONNULL = YES;
				CLANG_ANALYZER_NUMBER_OBJECT_CONVERSION = YES_AGGRESSIVE;
				CLANG_CXX_LANGUAGE_STANDARD = "gnu++14";
				CLANG_CXX_LIBRARY = "libc++";
				CLANG_ENABLE_MODULES = YES;
				CLANG_ENABLE_OBJC_ARC = YES;
				CLANG_ENABLE_OBJC_WEAK = YES;
				CLANG_WARN_BLOCK_CAPTURE_AUTORELEASING = YES;
				CLANG_WARN_BOOL_CONVERSION = YES;
				CLANG_WARN_COMMA = YES;
				CLANG_WARN_CONSTANT_CONVERSION = YES;
				CLANG_WARN_DEPRECATED_OBJC_IMPLEMENTATIONS = YES;
				CLANG_WARN_DIRECT_OBJC_ISA_USAGE = YES_ERROR;
				CLANG_WARN_DOCUMENTATION_COMMENTS = YES;
				CLANG_WARN_EMPTY_BODY = YES;
				CLANG_WARN_ENUM_CONVERSION = YES;
				CLANG_WARN_INFINITE_RECURSION = YES;
				CLANG_WARN_INT_CONVERSION = YES;
				CLANG_WARN_NON_LITERAL_NULL_CONVERSION = YES;
				CLANG_WARN_OBJC_IMPLICIT_RETAIN_SELF = YES;
				CLANG_WARN_OBJC_LITERAL_CONVERSION = YES;
				CLANG_WARN_OBJC_ROOT_CLASS = YES_ERROR;
				CLANG_WARN_QUOTED_INCLUDE_IN_FRAMEWORK_HEADER = YES;
				CLANG_WARN_RANGE_LOOP_ANALYSIS = YES;
				CLANG_WARN_STRICT_PROTOTYPES = YES;
				CLANG_WARN_SUSPICIOUS_MOVE = YES;
				CLANG_WARN_UNGUARDED_AVAILABILITY = YES_AGGRESSIVE;
				CLANG_WARN_UNREACHABLE_CODE = YES;
				CLANG_WARN__DUPLICATE_METHOD_MATCH = YES;
				CODE_SIGN_IDENTITY = "iPhone Developer";
				COPY_PHASE_STRIP = NO;
				DEBUG_INFORMATION_FORMAT = "dwarf-with-dsym";
				ENABLE_NS_ASSERTIONS = NO;
				ENABLE_ON_DEMAND_RESOURCES = NO;
				ENABLE_STRICT_OBJC_MSGSEND = YES;
				EXCLUDED_ARCHS = arm64;
				"EXCLUDED_ARCHS[sdk=iphonesimulator*]" = arm64;
				GCC_C_LANGUAGE_STANDARD = gnu11;
				GCC_NO_COMMON_BLOCKS = YES;
				GCC_WARN_64_TO_32_BIT_CONVERSION = YES;
				GCC_WARN_ABOUT_RETURN_TYPE = YES_ERROR;
				GCC_WARN_UNDECLARED_SELECTOR = YES;
				GCC_WARN_UNINITIALIZED_AUTOS = YES_AGGRESSIVE;
				GCC_WARN_UNUSED_FUNCTION = YES;
				GCC_WARN_UNUSED_VARIABLE = YES;
				IPHONEOS_DEPLOYMENT_TARGET = 14.0;
				MTL_ENABLE_DEBUG_INFO = NO;
				SDKROOT = iphoneos;
				SWIFT_COMPILATION_MODE = wholemodule;
				SWIFT_OBJC_BRIDGING_HEADER = "PayButton/PayButton-Bridging-Header.h";
				SWIFT_OPTIMIZATION_LEVEL = "-O";
				VALIDATE_PRODUCT = YES;
			};
			name = Release;
		};
		C5A4165621650280008A93B3 /* Debug */ = {
			isa = XCBuildConfiguration;
			baseConfigurationReference = 3452FBCF1FFA83B60C4AC51D /* Pods-PayButton.debug.xcconfig */;
			buildSettings = {
				ARCHS = "$(ARCHS_STANDARD)";
				ASSETCATALOG_COMPILER_LAUNCHIMAGE_NAME = LaunchImage;
				CODE_SIGN_STYLE = Automatic;
				CURRENT_PROJECT_VERSION = 1;
				DEVELOPMENT_TEAM = GTQ8GQF96W;
				EXCLUDED_ARCHS = "";
				"EXCLUDED_ARCHS[sdk=iphonesimulator*]" = arm64;
				INFOPLIST_FILE = PayButton/Info.plist;
				IPHONEOS_DEPLOYMENT_TARGET = 14.0;
				LD_RUNPATH_SEARCH_PATHS = (
					"$(inherited)",
					"@executable_path/Frameworks",
				);
				MARKETING_VERSION = 1.2.0;
				ONLY_ACTIVE_ARCH = YES;
				PRODUCT_BUNDLE_IDENTIFIER = "io.paysky.PayButtonSDK-iOS";
				PRODUCT_NAME = "$(TARGET_NAME)";
				SWIFT_EMIT_LOC_STRINGS = YES;
				SWIFT_VERSION = 5.0;
				TARGETED_DEVICE_FAMILY = "1,2";
			};
			name = Debug;
		};
		C5A4165721650280008A93B3 /* Release */ = {
			isa = XCBuildConfiguration;
			baseConfigurationReference = 138B8F63299DF879D8DA3E8C /* Pods-PayButton.release.xcconfig */;
			buildSettings = {
				ARCHS = "$(ARCHS_STANDARD)";
				ASSETCATALOG_COMPILER_LAUNCHIMAGE_NAME = LaunchImage;
				CODE_SIGN_STYLE = Automatic;
				CURRENT_PROJECT_VERSION = 1;
				DEVELOPMENT_TEAM = GTQ8GQF96W;
				EXCLUDED_ARCHS = "";
				"EXCLUDED_ARCHS[sdk=iphonesimulator*]" = arm64;
				INFOPLIST_FILE = PayButton/Info.plist;
				IPHONEOS_DEPLOYMENT_TARGET = 14.0;
				LD_RUNPATH_SEARCH_PATHS = (
					"$(inherited)",
					"@executable_path/Frameworks",
				);
				MARKETING_VERSION = 1.2.0;
				ONLY_ACTIVE_ARCH = YES;
				PRODUCT_BUNDLE_IDENTIFIER = "io.paysky.PayButtonSDK-iOS";
				PRODUCT_NAME = "$(TARGET_NAME)";
				SWIFT_EMIT_LOC_STRINGS = YES;
				SWIFT_VERSION = 5.0;
				TARGETED_DEVICE_FAMILY = "1,2";
			};
			name = Release;
		};
/* End XCBuildConfiguration section */

/* Begin XCConfigurationList section */
		C5A4163E2165027F008A93B3 /* Build configuration list for PBXProject "PayButton" */ = {
			isa = XCConfigurationList;
			buildConfigurations = (
				C5A4165321650280008A93B3 /* Debug */,
				C5A4165421650280008A93B3 /* Release */,
			);
			defaultConfigurationIsVisible = 0;
			defaultConfigurationName = Release;
		};
		C5A4165521650280008A93B3 /* Build configuration list for PBXNativeTarget "PayButton" */ = {
			isa = XCConfigurationList;
			buildConfigurations = (
				C5A4165621650280008A93B3 /* Debug */,
				C5A4165721650280008A93B3 /* Release */,
			);
			defaultConfigurationIsVisible = 0;
			defaultConfigurationName = Release;
		};
/* End XCConfigurationList section */
	};
	rootObject = C5A4163B2165027F008A93B3 /* Project object */;
}
